<?xml version="1.0" encoding="utf-8"?>
<Project ToolsVersion="4.0" xmlns="http://schemas.microsoft.com/developer/msbuild/2003">
  <ItemGroup>
    <Filter Include="DataCore">
      <UniqueIdentifier>{5fb767ea-1181-4b3d-ab34-d62b2a95ebb2}</UniqueIdentifier>
    </Filter>
    <Filter Include="DataCore\Header Files">
      <UniqueIdentifier>{3dea7b98-b432-444a-9907-17b461b2cf2c}</UniqueIdentifier>
    </Filter>
    <Filter Include="DataCore\Source Files">
      <UniqueIdentifier>{96d21ec4-c5d1-4223-90bb-06def39c25ee}</UniqueIdentifier>
    </Filter>
    <Filter Include="_Suite">
      <UniqueIdentifier>{646bd73d-e62d-4bb5-9126-0f751784ed39}</UniqueIdentifier>
    </Filter>
    <Filter Include="_Suite\Header Files">
      <UniqueIdentifier>{3fc73f68-727b-430a-b12f-14fbf5bd622b}</UniqueIdentifier>
    </Filter>
    <Filter Include="_Suite\Source Files">
      <UniqueIdentifier>{bcd27445-32bc-41ab-bf7c-6f052190b376}</UniqueIdentifier>
    </Filter>
    <Filter Include="_Driver">
      <UniqueIdentifier>{961823bc-3880-4924-b08a-449cebaa9a23}</UniqueIdentifier>
    </Filter>
    <Filter Include="_Driver\Source Files">
      <UniqueIdentifier>{c45e0142-9d17-4ba2-8f2f-a3b009d7973c}</UniqueIdentifier>
    </Filter>
    <Filter Include="TestSession">
      <UniqueIdentifier>{ef9f5c5c-d87e-44e3-b29e-f439f2899938}</UniqueIdentifier>
    </Filter>
    <Filter Include="TestSession\Header Files">
      <UniqueIdentifier>{62697fdf-4897-4858-b458-32be04104655}</UniqueIdentifier>
    </Filter>
    <Filter Include="TestSession\Source Files">
      <UniqueIdentifier>{f420bc89-c165-451a-a095-97af6d8a3a86}</UniqueIdentifier>
    </Filter>
    <Filter Include="SessionPooling">
      <UniqueIdentifier>{b37cba16-d6cc-462a-bd01-42690b727207}</UniqueIdentifier>
    </Filter>
    <Filter Include="SessionPooling\Header Files">
      <UniqueIdentifier>{565b1fa0-abbb-4142-b767-d364cd34a3c3}</UniqueIdentifier>
    </Filter>
    <Filter Include="SessionPooling\Source Files">
      <UniqueIdentifier>{2b8b87c3-7c99-4992-a31c-159a917d2090}</UniqueIdentifier>
    </Filter>
  </ItemGroup>
  <ItemGroup>
    <ClInclude Include="src\DataTest.h">
      <Filter>DataCore\Header Files</Filter>
    </ClInclude>
    <ClInclude Include="src\DataTestSuite.h">
      <Filter>_Suite\Header Files</Filter>
    </ClInclude>
    <ClInclude Include="src\Binder.h">
      <Filter>TestSession\Header Files</Filter>
    </ClInclude>
    <ClInclude Include="src\Connector.h">
      <Filter>TestSession\Header Files</Filter>
    </ClInclude>
    <ClInclude Include="src\Extractor.h">
      <Filter>TestSession\Header Files</Filter>
    </ClInclude>
    <ClInclude Include="src\Preparator.h">
      <Filter>TestSession\Header Files</Filter>
    </ClInclude>
    <ClInclude Include="src\SessionImpl.h">
      <Filter>TestSession\Header Files</Filter>
    </ClInclude>
    <ClInclude Include="src\TestStatementImpl.h">
      <Filter>TestSession\Header Files</Filter>
    </ClInclude>
    <ClInclude Include="src\SessionPoolTest.h">
      <Filter>SessionPooling\Header Files</Filter>
    </ClInclude>
  </ItemGroup>
  <ItemGroup>
    <ClCompile Include="src\DataTest.cpp">
      <Filter>DataCore\Source Files</Filter>
    </ClCompile>
    <ClCompile Include="src\DataTestSuite.cpp">
      <Filter>_Suite\Source Files</Filter>
    </ClCompile>
    <ClCompile Include="src\WinDriver.cpp">
      <Filter>_Driver\Source Files</Filter>
    </ClCompile>
    <ClCompile Include="src\Binder.cpp">
      <Filter>TestSession\Source Files</Filter>
    </ClCompile>
    <ClCompile Include="src\Connector.cpp">
      <Filter>TestSession\Source Files</Filter>
    </ClCompile>
    <ClCompile Include="src\Extractor.cpp">
      <Filter>TestSession\Source Files</Filter>
    </ClCompile>
    <ClCompile Include="src\Preparator.cpp">
      <Filter>TestSession\Source Files</Filter>
    </ClCompile>
    <ClCompile Include="src\SessionImpl.cpp">
      <Filter>TestSession\Source Files</Filter>
    </ClCompile>
    <ClCompile Include="src\TestStatementImpl.cpp">
      <Filter>TestSession\Source Files</Filter>
    </ClCompile>
    <ClCompile Include="src\SessionPoolTest.cpp">
      <Filter>SessionPooling\Source Files</Filter>
    </ClCompile>
  </ItemGroup>
</Project>