<?xml version="1.0" encoding="utf-8"?>
<Project ToolsVersion="4.0" xmlns="http://schemas.microsoft.com/developer/msbuild/2003">
  <ItemGroup>
    <Filter Include="NetCore">
      <UniqueIdentifier>{1dffc12a-eb79-4b13-94e7-b6c525a52422}</UniqueIdentifier>
    </Filter>
    <Filter Include="NetCore\Header Files">
      <UniqueIdentifier>{857e48e5-4935-4e22-872c-e2d8bc161192}</UniqueIdentifier>
    </Filter>
    <Filter Include="NetCore\Source Files">
      <UniqueIdentifier>{69212336-e17c-4ee6-8f1a-06ce500c1017}</UniqueIdentifier>
    </Filter>
    <Filter Include="_Suite">
      <UniqueIdentifier>{a6a8b707-81dd-4524-bb37-50c2f7f35418}</UniqueIdentifier>
    </Filter>
    <Filter Include="_Suite\Header Files">
      <UniqueIdentifier>{79645838-6c89-4c6d-b2ee-0f070826b605}</UniqueIdentifier>
    </Filter>
    <Filter Include="_Suite\Source Files">
      <UniqueIdentifier>{9f2151e8-ce6c-42fa-b6ee-9331659f035e}</UniqueIdentifier>
    </Filter>
    <Filter Include="_Driver">
      <UniqueIdentifier>{2e3e3c63-bace-48d5-9262-16837cb982f4}</UniqueIdentifier>
    </Filter>
    <Filter Include="_Driver\Source Files">
      <UniqueIdentifier>{903c8bde-d810-439d-bcf7-1897e13011c7}</UniqueIdentifier>
    </Filter>
    <Filter Include="Sockets">
      <UniqueIdentifier>{709b02e4-ecdc-4080-8b02-901f8f5e219e}</UniqueIdentifier>
    </Filter>
    <Filter Include="Sockets\Header Files">
      <UniqueIdentifier>{1ab568cd-e6a9-4e17-89b7-22774dc15b2f}</UniqueIdentifier>
    </Filter>
    <Filter Include="Sockets\Source Files">
      <UniqueIdentifier>{38dcb540-5af8-4f4d-92de-c6579f4063b2}</UniqueIdentifier>
    </Filter>
    <Filter Include="Messages">
      <UniqueIdentifier>{cfcfb231-f802-47a4-9afc-b9634e584387}</UniqueIdentifier>
    </Filter>
    <Filter Include="Messages\Header Files">
      <UniqueIdentifier>{9107ea5e-10eb-448e-a652-110dff3108a0}</UniqueIdentifier>
    </Filter>
    <Filter Include="Messages\Source Files">
      <UniqueIdentifier>{329b26c0-6a8a-47eb-bddc-c1fbfddb5875}</UniqueIdentifier>
    </Filter>
    <Filter Include="HTTP">
      <UniqueIdentifier>{b88aae30-9501-4632-866b-753d0bf557b9}</UniqueIdentifier>
    </Filter>
    <Filter Include="HTTP\Header Files">
      <UniqueIdentifier>{71b9cb46-61da-4a09-89e0-d7ed58149a9c}</UniqueIdentifier>
    </Filter>
    <Filter Include="HTTP\Source Files">
      <UniqueIdentifier>{d17e0140-b5b4-4973-bc8b-a825990cc8f9}</UniqueIdentifier>
    </Filter>
    <Filter Include="TCPServer">
      <UniqueIdentifier>{9381d998-ae22-40a0-b1be-ec7ce8acf2a1}</UniqueIdentifier>
    </Filter>
    <Filter Include="TCPServer\Header Files">
      <UniqueIdentifier>{e1ac3c65-8c70-41f3-bdcf-6dc2ea198a98}</UniqueIdentifier>
    </Filter>
    <Filter Include="TCPServer\Source Files">
      <UniqueIdentifier>{41c16b66-bc54-4f3c-9bac-051e7eca2863}</UniqueIdentifier>
    </Filter>
    <Filter Include="HTTPServer">
      <UniqueIdentifier>{6193f46d-b512-4be7-b538-bff3af0a1065}</UniqueIdentifier>
    </Filter>
    <Filter Include="HTTPServer\Header Files">
      <UniqueIdentifier>{2c8fcb54-345a-4fce-8920-6aae31cd9bd5}</UniqueIdentifier>
    </Filter>
    <Filter Include="HTTPServer\Source Files">
      <UniqueIdentifier>{ec80598b-32a7-4079-a2b2-42a7d8839d81}</UniqueIdentifier>
    </Filter>
    <Filter Include="HTML">
      <UniqueIdentifier>{dbf03e18-f2e7-4f3c-bc64-0ed16713d5d5}</UniqueIdentifier>
    </Filter>
    <Filter Include="HTML\Header Files">
      <UniqueIdentifier>{e1b9f44b-e496-4fcd-85bc-77108e525d95}</UniqueIdentifier>
    </Filter>
    <Filter Include="HTML\Source Files">
      <UniqueIdentifier>{3c60e814-d566-4694-a1fa-6c6dd83595d6}</UniqueIdentifier>
    </Filter>
    <Filter Include="HTTPClient">
      <UniqueIdentifier>{db9aa9ee-cef9-4e20-bb69-c391292d60f5}</UniqueIdentifier>
    </Filter>
    <Filter Include="HTTPClient\Header Files">
      <UniqueIdentifier>{e0f3d7dc-8c3a-4646-bf9a-5678735394b6}</UniqueIdentifier>
    </Filter>
    <Filter Include="HTTPClient\Source Files">
      <UniqueIdentifier>{57a1a9a7-cb24-4906-af6f-9fc2fc5ae2c8}</UniqueIdentifier>
    </Filter>
    <Filter Include="FTPClient">
      <UniqueIdentifier>{caf2b5c2-f091-4e89-bdde-b9b22aee757a}</UniqueIdentifier>
    </Filter>
    <Filter Include="FTPClient\Header Files">
      <UniqueIdentifier>{960a3ec8-caa9-4459-87f8-7669c047262e}</UniqueIdentifier>
    </Filter>
    <Filter Include="FTPClient\Source Files">
      <UniqueIdentifier>{9c1017a1-cb90-4287-a13f-4cba6164159b}</UniqueIdentifier>
    </Filter>
    <Filter Include="Reactor">
      <UniqueIdentifier>{ce627a13-94f5-452c-b3ac-255b83ba1a2e}</UniqueIdentifier>
    </Filter>
    <Filter Include="Reactor\Header Files">
      <UniqueIdentifier>{899d9f6b-539e-4241-9112-430b1ad03e7a}</UniqueIdentifier>
    </Filter>
    <Filter Include="Reactor\Source Files">
      <UniqueIdentifier>{8105e4fc-caa4-4c0e-8f73-b85dba0dc1cf}</UniqueIdentifier>
    </Filter>
    <Filter Include="Mail">
      <UniqueIdentifier>{0314cdef-9e45-4bb7-b4cb-ee0b2ff32c8b}</UniqueIdentifier>
    </Filter>
    <Filter Include="Mail\Header Files">
      <UniqueIdentifier>{01341aa6-192d-43fe-b57f-f8662be259ec}</UniqueIdentifier>
    </Filter>
    <Filter Include="Mail\Source Files">
      <UniqueIdentifier>{81457c9b-8008-480d-abfa-ba68dbd5a24e}</UniqueIdentifier>
    </Filter>
    <Filter Include="ICMP">
      <UniqueIdentifier>{bee3a0b0-408d-47bb-87b0-301eca601c8d}</UniqueIdentifier>
    </Filter>
    <Filter Include="ICMP\Header Files">
      <UniqueIdentifier>{7b1b1c4b-9438-4087-8375-8cf15d5c5b0d}</UniqueIdentifier>
    </Filter>
    <Filter Include="ICMP\Source Files">
      <UniqueIdentifier>{a3522a5b-9711-483b-bbd5-2aa268f0fe4a}</UniqueIdentifier>
    </Filter>
    <Filter Include="NTP">
      <UniqueIdentifier>{995a7ae4-3a23-459a-9b73-f057494bb894}</UniqueIdentifier>
    </Filter>
    <Filter Include="NTP\Header Files">
      <UniqueIdentifier>{d9fbf303-04d4-4d70-845d-d57dfd76691e}</UniqueIdentifier>
    </Filter>
    <Filter Include="NTP\Source Files">
      <UniqueIdentifier>{1730f4c7-bc12-4e9b-8ac1-61bcfbbe2cd7}</UniqueIdentifier>
    </Filter>
    <Filter Include="Logging">
      <UniqueIdentifier>{c07631f3-138f-4635-9f12-6e3dbc0cbe7b}</UniqueIdentifier>
    </Filter>
    <Filter Include="Logging\Header Files">
      <UniqueIdentifier>{3e5da8c0-b3fc-424c-b348-8c17af52f350}</UniqueIdentifier>
    </Filter>
    <Filter Include="Logging\Source Files">
      <UniqueIdentifier>{bde0a86e-1ad8-44a6-9cc8-bb0cd3cac86a}</UniqueIdentifier>
    </Filter>
    <Filter Include="WebSocket">
      <UniqueIdentifier>{a3e7348c-b91c-462d-8f5b-37ed23242cef}</UniqueIdentifier>
    </Filter>
    <Filter Include="WebSocket\Header Files">
      <UniqueIdentifier>{3b63f7ea-350b-4041-a56e-c2db9e557fe6}</UniqueIdentifier>
    </Filter>
    <Filter Include="WebSocket\Source Files">
      <UniqueIdentifier>{f4603bed-7a37-4d01-891e-af3f7c6bab2d}</UniqueIdentifier>
    </Filter>
    <Filter Include="OAuth">
      <UniqueIdentifier>{81d309fd-8010-49e5-8b99-23a7d5257ff5}</UniqueIdentifier>
    </Filter>
    <Filter Include="OAuth\Header Files">
      <UniqueIdentifier>{64721e7a-cb57-480b-a9d0-7bdd64826aab}</UniqueIdentifier>
    </Filter>
    <Filter Include="OAuth\Source Files">
      <UniqueIdentifier>{e3cca46a-f6ef-4c3e-95fd-3ae1b36c1726}</UniqueIdentifier>
    </Filter>
  </ItemGroup>
  <ItemGroup>
    <ClInclude Include="src\DNSTest.h">
      <Filter>NetCore\Header Files</Filter>
    </ClInclude>
    <ClInclude Include="src\IPAddressTest.h">
      <Filter>NetCore\Header Files</Filter>
    </ClInclude>
    <ClInclude Include="src\NetCoreTestSuite.h">
      <Filter>NetCore\Header Files</Filter>
    </ClInclude>
    <ClInclude Include="src\NetworkInterfaceTest.h">
      <Filter>NetCore\Header Files</Filter>
    </ClInclude>
    <ClInclude Include="src\SocketAddressTest.h">
      <Filter>NetCore\Header Files</Filter>
    </ClInclude>
    <ClInclude Include="src\NetTestSuite.h">
      <Filter>_Suite\Header Files</Filter>
    </ClInclude>
    <ClInclude Include="src\DatagramSocketTest.h">
      <Filter>Sockets\Header Files</Filter>
    </ClInclude>
    <ClInclude Include="src\DialogServer.h">
      <Filter>Sockets\Header Files</Filter>
    </ClInclude>
    <ClInclude Include="src\DialogSocketTest.h">
      <Filter>Sockets\Header Files</Filter>
    </ClInclude>
    <ClInclude Include="src\EchoServer.h">
      <Filter>Sockets\Header Files</Filter>
    </ClInclude>
    <ClInclude Include="src\MulticastEchoServer.h">
      <Filter>Sockets\Header Files</Filter>
    </ClInclude>
    <ClInclude Include="src\MulticastSocketTest.h">
      <Filter>Sockets\Header Files</Filter>
    </ClInclude>
    <ClInclude Include="src\RawSocketTest.h">
      <Filter>Sockets\Header Files</Filter>
    </ClInclude>
    <ClInclude Include="src\SocketsTestSuite.h">
      <Filter>Sockets\Header Files</Filter>
    </ClInclude>
    <ClInclude Include="src\SocketStreamTest.h">
      <Filter>Sockets\Header Files</Filter>
    </ClInclude>
    <ClInclude Include="src\SocketTest.h">
      <Filter>Sockets\Header Files</Filter>
    </ClInclude>
    <ClInclude Include="src\UDPEchoServer.h">
      <Filter>Sockets\Header Files</Filter>
    </ClInclude>
    <ClInclude Include="src\MediaTypeTest.h">
      <Filter>Messages\Header Files</Filter>
    </ClInclude>
    <ClInclude Include="src\MessageHeaderTest.h">
      <Filter>Messages\Header Files</Filter>
    </ClInclude>
    <ClInclude Include="src\MessagesTestSuite.h">
      <Filter>Messages\Header Files</Filter>
    </ClInclude>
    <ClInclude Include="src\MultipartReaderTest.h">
      <Filter>Messages\Header Files</Filter>
    </ClInclude>
    <ClInclude Include="src\MultipartWriterTest.h">
      <Filter>Messages\Header Files</Filter>
    </ClInclude>
    <ClInclude Include="src\NameValueCollectionTest.h">
      <Filter>Messages\Header Files</Filter>
    </ClInclude>
    <ClInclude Include="src\QuotedPrintableTest.h">
      <Filter>Messages\Header Files</Filter>
    </ClInclude>
    <ClInclude Include="src\HTTPCookieTest.h">
      <Filter>HTTP\Header Files</Filter>
    </ClInclude>
    <ClInclude Include="src\HTTPCredentialsTest.h">
      <Filter>HTTP\Header Files</Filter>
    </ClInclude>
    <ClInclude Include="src\HTTPRequestTest.h">
      <Filter>HTTP\Header Files</Filter>
    </ClInclude>
    <ClInclude Include="src\HTTPResponseTest.h">
      <Filter>HTTP\Header Files</Filter>
    </ClInclude>
    <ClInclude Include="src\HTTPTestServer.h">
      <Filter>HTTP\Header Files</Filter>
    </ClInclude>
    <ClInclude Include="src\HTTPTestSuite.h">
      <Filter>HTTP\Header Files</Filter>
    </ClInclude>
    <ClInclude Include="src\TCPServerTest.h">
      <Filter>TCPServer\Header Files</Filter>
    </ClInclude>
    <ClInclude Include="src\TCPServerTestSuite.h">
      <Filter>TCPServer\Header Files</Filter>
    </ClInclude>
    <ClInclude Include="src\HTTPServerTest.h">
      <Filter>HTTPServer\Header Files</Filter>
    </ClInclude>
    <ClInclude Include="src\HTTPServerTestSuite.h">
      <Filter>HTTPServer\Header Files</Filter>
    </ClInclude>
    <ClInclude Include="src\HTMLFormTest.h">
      <Filter>HTML\Header Files</Filter>
    </ClInclude>
    <ClInclude Include="src\HTMLTestSuite.h">
      <Filter>HTML\Header Files</Filter>
    </ClInclude>
    <ClInclude Include="src\HTTPClientSessionTest.h">
      <Filter>HTTPClient\Header Files</Filter>
    </ClInclude>
    <ClInclude Include="src\HTTPClientTestSuite.h">
      <Filter>HTTPClient\Header Files</Filter>
    </ClInclude>
    <ClInclude Include="src\HTTPStreamFactoryTest.h">
      <Filter>HTTPClient\Header Files</Filter>
    </ClInclude>
    <ClInclude Include="src\FTPClientSessionTest.h">
      <Filter>FTPClient\Header Files</Filter>
    </ClInclude>
    <ClInclude Include="src\FTPClientTestSuite.h">
      <Filter>FTPClient\Header Files</Filter>
    </ClInclude>
    <ClInclude Include="src\FTPStreamFactoryTest.h">
      <Filter>FTPClient\Header Files</Filter>
    </ClInclude>
    <ClInclude Include="src\ReactorTestSuite.h">
      <Filter>Reactor\Header Files</Filter>
    </ClInclude>
    <ClInclude Include="src\SocketReactorTest.h">
      <Filter>Reactor\Header Files</Filter>
    </ClInclude>
    <ClInclude Include="src\MailMessageTest.h">
      <Filter>Mail\Header Files</Filter>
    </ClInclude>
    <ClInclude Include="src\MailStreamTest.h">
      <Filter>Mail\Header Files</Filter>
    </ClInclude>
    <ClInclude Include="src\MailTestSuite.h">
      <Filter>Mail\Header Files</Filter>
    </ClInclude>
    <ClInclude Include="src\POP3ClientSessionTest.h">
      <Filter>Mail\Header Files</Filter>
    </ClInclude>
    <ClInclude Include="src\SMTPClientSessionTest.h">
      <Filter>Mail\Header Files</Filter>
    </ClInclude>
    <ClInclude Include="src\ICMPClientTest.h">
      <Filter>ICMP\Header Files</Filter>
    </ClInclude>
    <ClInclude Include="src\ICMPClientTestSuite.h">
      <Filter>ICMP\Header Files</Filter>
    </ClInclude>
    <ClInclude Include="src\ICMPSocketTest.h">
      <Filter>ICMP\Header Files</Filter>
    </ClInclude>
    <ClInclude Include="src\NTPClientTest.h">
      <Filter>NTP\Header Files</Filter>
    </ClInclude>
    <ClInclude Include="src\NTPClientTestSuite.h">
      <Filter>NTP\Header Files</Filter>
    </ClInclude>
    <ClInclude Include="src\SyslogTest.h">
      <Filter>Logging\Header Files</Filter>
    </ClInclude>
    <ClInclude Include="src\WebSocketTest.h">
      <Filter>WebSocket\Header Files</Filter>
    </ClInclude>
    <ClInclude Include="src\WebSocketTestSuite.h">
      <Filter>WebSocket\Header Files</Filter>
    </ClInclude>
    <ClInclude Include="src\OAuth10CredentialsTest.h">
      <Filter>OAuth\Header Files</Filter>
    </ClInclude>
    <ClInclude Include="src\OAuth20CredentialsTest.h">
      <Filter>OAuth\Header Files</Filter>
    </ClInclude>
    <ClInclude Include="src\OAuthTestSuite.h">
      <Filter>OAuth\Header Files</Filter>
    </ClInclude>
  </ItemGroup>
  <ItemGroup>
    <ClCompile Include="src\DNSTest.cpp">
      <Filter>NetCore\Source Files</Filter>
    </ClCompile>
    <ClCompile Include="src\IPAddressTest.cpp">
      <Filter>NetCore\Source Files</Filter>
    </ClCompile>
    <ClCompile Include="src\NetCoreTestSuite.cpp">
      <Filter>NetCore\Source Files</Filter>
    </ClCompile>
    <ClCompile Include="src\NetworkInterfaceTest.cpp">
      <Filter>NetCore\Source Files</Filter>
    </ClCompile>
    <ClCompile Include="src\SocketAddressTest.cpp">
      <Filter>NetCore\Source Files</Filter>
    </ClCompile>
    <ClCompile Include="src\NetTestSuite.cpp">
      <Filter>_Suite\Source Files</Filter>
    </ClCompile>
    <ClCompile Include="src\WinDriver.cpp">
      <Filter>_Driver\Source Files</Filter>
    </ClCompile>
    <ClCompile Include="src\DatagramSocketTest.cpp">
      <Filter>Sockets\Source Files</Filter>
    </ClCompile>
    <ClCompile Include="src\DialogServer.cpp">
      <Filter>Sockets\Source Files</Filter>
    </ClCompile>
    <ClCompile Include="src\DialogSocketTest.cpp">
      <Filter>Sockets\Source Files</Filter>
    </ClCompile>
    <ClCompile Include="src\EchoServer.cpp">
      <Filter>Sockets\Source Files</Filter>
    </ClCompile>
    <ClCompile Include="src\MulticastEchoServer.cpp">
      <Filter>Sockets\Source Files</Filter>
    </ClCompile>
    <ClCompile Include="src\MulticastSocketTest.cpp">
      <Filter>Sockets\Source Files</Filter>
    </ClCompile>
    <ClCompile Include="src\RawSocketTest.cpp">
      <Filter>Sockets\Source Files</Filter>
    </ClCompile>
    <ClCompile Include="src\SocketsTestSuite.cpp">
      <Filter>Sockets\Source Files</Filter>
    </ClCompile>
    <ClCompile Include="src\SocketStreamTest.cpp">
      <Filter>Sockets\Source Files</Filter>
    </ClCompile>
    <ClCompile Include="src\SocketTest.cpp">
      <Filter>Sockets\Source Files</Filter>
    </ClCompile>
    <ClCompile Include="src\UDPEchoServer.cpp">
      <Filter>Sockets\Source Files</Filter>
    </ClCompile>
    <ClCompile Include="src\MediaTypeTest.cpp">
      <Filter>Messages\Source Files</Filter>
    </ClCompile>
    <ClCompile Include="src\MessageHeaderTest.cpp">
      <Filter>Messages\Source Files</Filter>
    </ClCompile>
    <ClCompile Include="src\MessagesTestSuite.cpp">
      <Filter>Messages\Source Files</Filter>
    </ClCompile>
    <ClCompile Include="src\MultipartReaderTest.cpp">
      <Filter>Messages\Source Files</Filter>
    </ClCompile>
    <ClCompile Include="src\MultipartWriterTest.cpp">
      <Filter>Messages\Source Files</Filter>
    </ClCompile>
    <ClCompile Include="src\NameValueCollectionTest.cpp">
      <Filter>Messages\Source Files</Filter>
    </ClCompile>
    <ClCompile Include="src\QuotedPrintableTest.cpp">
      <Filter>Messages\Source Files</Filter>
    </ClCompile>
    <ClCompile Include="src\HTTPCookieTest.cpp">
      <Filter>HTTP\Source Files</Filter>
    </ClCompile>
    <ClCompile Include="src\HTTPCredentialsTest.cpp">
      <Filter>HTTP\Source Files</Filter>
    </ClCompile>
    <ClCompile Include="src\HTTPRequestTest.cpp">
      <Filter>HTTP\Source Files</Filter>
    </ClCompile>
    <ClCompile Include="src\HTTPResponseTest.cpp">
      <Filter>HTTP\Source Files</Filter>
    </ClCompile>
    <ClCompile Include="src\HTTPTestServer.cpp">
      <Filter>HTTP\Source Files</Filter>
    </ClCompile>
    <ClCompile Include="src\HTTPTestSuite.cpp">
      <Filter>HTTP\Source Files</Filter>
    </ClCompile>
    <ClCompile Include="src\TCPServerTest.cpp">
      <Filter>TCPServer\Source Files</Filter>
    </ClCompile>
    <ClCompile Include="src\TCPServerTestSuite.cpp">
      <Filter>TCPServer\Source Files</Filter>
    </ClCompile>
    <ClCompile Include="src\HTTPServerTest.cpp">
      <Filter>HTTPServer\Source Files</Filter>
    </ClCompile>
    <ClCompile Include="src\HTTPServerTestSuite.cpp">
      <Filter>HTTPServer\Source Files</Filter>
    </ClCompile>
    <ClCompile Include="src\HTMLFormTest.cpp">
      <Filter>HTML\Source Files</Filter>
    </ClCompile>
    <ClCompile Include="src\HTMLTestSuite.cpp">
      <Filter>HTML\Source Files</Filter>
    </ClCompile>
    <ClCompile Include="src\HTTPClientSessionTest.cpp">
      <Filter>HTTPClient\Source Files</Filter>
    </ClCompile>
    <ClCompile Include="src\HTTPClientTestSuite.cpp">
      <Filter>HTTPClient\Source Files</Filter>
    </ClCompile>
    <ClCompile Include="src\HTTPStreamFactoryTest.cpp">
      <Filter>HTTPClient\Source Files</Filter>
    </ClCompile>
    <ClCompile Include="src\FTPClientSessionTest.cpp">
      <Filter>FTPClient\Source Files</Filter>
    </ClCompile>
    <ClCompile Include="src\FTPClientTestSuite.cpp">
      <Filter>FTPClient\Source Files</Filter>
    </ClCompile>
    <ClCompile Include="src\FTPStreamFactoryTest.cpp">
      <Filter>FTPClient\Source Files</Filter>
    </ClCompile>
    <ClCompile Include="src\ReactorTestSuite.cpp">
      <Filter>Reactor\Source Files</Filter>
    </ClCompile>
    <ClCompile Include="src\SocketReactorTest.cpp">
      <Filter>Reactor\Source Files</Filter>
    </ClCompile>
    <ClCompile Include="src\MailMessageTest.cpp">
      <Filter>Mail\Source Files</Filter>
    </ClCompile>
    <ClCompile Include="src\MailStreamTest.cpp">
      <Filter>Mail\Source Files</Filter>
    </ClCompile>
    <ClCompile Include="src\MailTestSuite.cpp">
      <Filter>Mail\Source Files</Filter>
    </ClCompile>
    <ClCompile Include="src\POP3ClientSessionTest.cpp">
      <Filter>Mail\Source Files</Filter>
    </ClCompile>
    <ClCompile Include="src\SMTPClientSessionTest.cpp">
      <Filter>Mail\Source Files</Filter>
    </ClCompile>
    <ClCompile Include="src\ICMPClientTest.cpp">
      <Filter>ICMP\Source Files</Filter>
    </ClCompile>
    <ClCompile Include="src\ICMPClientTestSuite.cpp">
      <Filter>ICMP\Source Files</Filter>
    </ClCompile>
    <ClCompile Include="src\ICMPSocketTest.cpp">
      <Filter>ICMP\Source Files</Filter>
    </ClCompile>
    <ClCompile Include="src\NTPClientTest.cpp">
      <Filter>NTP\Source Files</Filter>
    </ClCompile>
    <ClCompile Include="src\NTPClientTestSuite.cpp">
      <Filter>NTP\Source Files</Filter>
    </ClCompile>
    <ClCompile Include="src\SyslogTest.cpp">
      <Filter>Logging\Source Files</Filter>
    </ClCompile>
    <ClCompile Include="src\WebSocketTest.cpp">
      <Filter>WebSocket\Source Files</Filter>
    </ClCompile>
    <ClCompile Include="src\WebSocketTestSuite.cpp">
      <Filter>WebSocket\Source Files</Filter>
    </ClCompile>
    <ClCompile Include="src\OAuth10CredentialsTest.cpp">
      <Filter>OAuth\Source Files</Filter>
    </ClCompile>
    <ClCompile Include="src\OAuth20CredentialsTest.cpp">
      <Filter>OAuth\Source Files</Filter>
    </ClCompile>
    <ClCompile Include="src\OAuthTestSuite.cpp">
      <Filter>OAuth\Source Files</Filter>
    </ClCompile>
  </ItemGroup>
</Project>