<?xml version="1.0" encoding="utf-8"?>
<Project ToolsVersion="4.0" xmlns="http://schemas.microsoft.com/developer/msbuild/2003">
  <ItemGroup>
    <Filter Include="Application">
      <UniqueIdentifier>{6713ddb8-1052-429b-9ab0-2f51a800d1a2}</UniqueIdentifier>
    </Filter>
    <Filter Include="Application\Header Files">
      <UniqueIdentifier>{37e38167-ae6d-480c-b28a-20f7b8f15e73}</UniqueIdentifier>
    </Filter>
    <Filter Include="Application\Source Files">
      <UniqueIdentifier>{81d384ac-9930-429e-86e3-f5ad439d8ec3}</UniqueIdentifier>
    </Filter>
    <Filter Include="_Suite">
      <UniqueIdentifier>{50d82ce1-4df6-429f-b2a5-527e25cacbf8}</UniqueIdentifier>
    </Filter>
    <Filter Include="_Suite\Header Files">
      <UniqueIdentifier>{88b1640b-b933-4ed0-be56-a4074bfef780}</UniqueIdentifier>
    </Filter>
    <Filter Include="_Suite\Source Files">
      <UniqueIdentifier>{f6c79dd1-0310-40cf-b906-d9b40fb4211c}</UniqueIdentifier>
    </Filter>
    <Filter Include="_Driver">
      <UniqueIdentifier>{36e35b33-b3fc-4829-8975-c4c295911d0c}</UniqueIdentifier>
    </Filter>
    <Filter Include="_Driver\Source Files">
      <UniqueIdentifier>{4191e829-443c-4c5d-ab0a-ed6229d7e638}</UniqueIdentifier>
    </Filter>
    <Filter Include="Configuration">
      <UniqueIdentifier>{1f07adf8-57ad-4fb0-805f-fcd84f056659}</UniqueIdentifier>
    </Filter>
    <Filter Include="Configuration\Header Files">
      <UniqueIdentifier>{af3a59a2-c72c-4727-a9dd-c5c60d1e4d14}</UniqueIdentifier>
    </Filter>
    <Filter Include="Configuration\Source Files">
      <UniqueIdentifier>{e6c9d770-0d99-4999-aca3-d787bb3ca7b6}</UniqueIdentifier>
    </Filter>
    <Filter Include="Options">
      <UniqueIdentifier>{f1222030-b347-4956-a097-e923f089d705}</UniqueIdentifier>
    </Filter>
    <Filter Include="Options\Header Files">
      <UniqueIdentifier>{05b1a12b-d5c9-45c3-a67c-ec110675b3c2}</UniqueIdentifier>
    </Filter>
    <Filter Include="Options\Source Files">
      <UniqueIdentifier>{c256865e-0fb7-46b2-a24b-a5a76d358b01}</UniqueIdentifier>
    </Filter>
    <Filter Include="Windows">
      <UniqueIdentifier>{2be908ac-0e19-4392-b265-ef283c5f1d83}</UniqueIdentifier>
    </Filter>
    <Filter Include="Windows\Header Files">
      <UniqueIdentifier>{5691ff55-f7ba-4f10-a10e-e92b0695429c}</UniqueIdentifier>
    </Filter>
    <Filter Include="Windows\Source Files">
      <UniqueIdentifier>{36863195-d5c5-4a2e-9415-fa491b09fb54}</UniqueIdentifier>
    </Filter>
    <Filter Include="Timer">
      <UniqueIdentifier>{7f59ddf0-c48c-474f-885c-d802dff201a5}</UniqueIdentifier>
    </Filter>
    <Filter Include="Timer\Header Files">
      <UniqueIdentifier>{52846934-4dcd-4888-ab9d-f8110a850bc3}</UniqueIdentifier>
    </Filter>
    <Filter Include="Timer\Source Files">
      <UniqueIdentifier>{944953d4-758f-4689-b623-38b93fe33b32}</UniqueIdentifier>
    </Filter>
  </ItemGroup>
  <ItemGroup>
    <ClInclude Include="src\UtilTestSuite.h">
      <Filter>_Suite\Header Files</Filter>
    </ClInclude>
    <ClInclude Include="src\AbstractConfigurationTest.h">
      <Filter>Configuration\Header Files</Filter>
    </ClInclude>
    <ClInclude Include="src\ConfigurationMapperTest.h">
      <Filter>Configuration\Header Files</Filter>
    </ClInclude>
    <ClInclude Include="src\ConfigurationTestSuite.h">
      <Filter>Configuration\Header Files</Filter>
    </ClInclude>
    <ClInclude Include="src\ConfigurationViewTest.h">
      <Filter>Configuration\Header Files</Filter>
    </ClInclude>
    <ClInclude Include="src\FilesystemConfigurationTest.h">
      <Filter>Configuration\Header Files</Filter>
    </ClInclude>
    <ClInclude Include="src\IniFileConfigurationTest.h">
      <Filter>Configuration\Header Files</Filter>
    </ClInclude>
    <ClInclude Include="src\JSONConfigurationTest.h">
      <Filter>Configuration\Header Files</Filter>
    </ClInclude>
    <ClInclude Include="src\LayeredConfigurationTest.h">
      <Filter>Configuration\Header Files</Filter>
    </ClInclude>
    <ClInclude Include="src\LoggingConfiguratorTest.h">
      <Filter>Configuration\Header Files</Filter>
    </ClInclude>
    <ClInclude Include="src\MapConfigurationTest.h">
      <Filter>Configuration\Header Files</Filter>
    </ClInclude>
    <ClInclude Include="src\PropertyFileConfigurationTest.h">
      <Filter>Configuration\Header Files</Filter>
    </ClInclude>
    <ClInclude Include="src\SystemConfigurationTest.h">
      <Filter>Configuration\Header Files</Filter>
    </ClInclude>
    <ClInclude Include="src\XMLConfigurationTest.h">
      <Filter>Configuration\Header Files</Filter>
    </ClInclude>
    <ClInclude Include="src\HelpFormatterTest.h">
      <Filter>Options\Header Files</Filter>
    </ClInclude>
    <ClInclude Include="src\OptionProcessorTest.h">
      <Filter>Options\Header Files</Filter>
    </ClInclude>
    <ClInclude Include="src\OptionSetTest.h">
      <Filter>Options\Header Files</Filter>
    </ClInclude>
    <ClInclude Include="src\OptionsTestSuite.h">
      <Filter>Options\Header Files</Filter>
    </ClInclude>
    <ClInclude Include="src\OptionTest.h">
      <Filter>Options\Header Files</Filter>
    </ClInclude>
    <ClInclude Include="src\ValidatorTest.h">
      <Filter>Options\Header Files</Filter>
    </ClInclude>
    <ClInclude Include="src\WinConfigurationTest.h">
      <Filter>Windows\Header Files</Filter>
    </ClInclude>
    <ClInclude Include="src\WindowsTestSuite.h">
      <Filter>Windows\Header Files</Filter>
    </ClInclude>
    <ClInclude Include="src\WinRegistryTest.h">
      <Filter>Windows\Header Files</Filter>
    </ClInclude>
    <ClInclude Include="src\TimerTest.h">
      <Filter>Timer\Header Files</Filter>
    </ClInclude>
    <ClInclude Include="src\TimerTestSuite.h">
      <Filter>Timer\Header Files</Filter>
    </ClInclude>
  </ItemGroup>
  <ItemGroup>
    <ClCompile Include="src\UtilTestSuite.cpp">
      <Filter>_Suite\Source Files</Filter>
    </ClCompile>
    <ClCompile Include="src\WinDriver.cpp">
      <Filter>_Driver\Source Files</Filter>
    </ClCompile>
    <ClCompile Include="src\AbstractConfigurationTest.cpp">
      <Filter>Configuration\Source Files</Filter>
    </ClCompile>
    <ClCompile Include="src\ConfigurationMapperTest.cpp">
      <Filter>Configuration\Source Files</Filter>
    </ClCompile>
    <ClCompile Include="src\ConfigurationTestSuite.cpp">
      <Filter>Configuration\Source Files</Filter>
    </ClCompile>
    <ClCompile Include="src\ConfigurationViewTest.cpp">
      <Filter>Configuration\Source Files</Filter>
    </ClCompile>
    <ClCompile Include="src\FilesystemConfigurationTest.cpp">
      <Filter>Configuration\Source Files</Filter>
    </ClCompile>
    <ClCompile Include="src\IniFileConfigurationTest.cpp">
      <Filter>Configuration\Source Files</Filter>
    </ClCompile>
    <ClCompile Include="src\JSONConfigurationTest.cpp">
      <Filter>Configuration\Source Files</Filter>
    </ClCompile>
    <ClCompile Include="src\LayeredConfigurationTest.cpp">
      <Filter>Configuration\Source Files</Filter>
    </ClCompile>
    <ClCompile Include="src\LoggingConfiguratorTest.cpp">
      <Filter>Configuration\Source Files</Filter>
    </ClCompile>
    <ClCompile Include="src\MapConfigurationTest.cpp">
      <Filter>Configuration\Source Files</Filter>
    </ClCompile>
    <ClCompile Include="src\PropertyFileConfigurationTest.cpp">
      <Filter>Configuration\Source Files</Filter>
    </ClCompile>
    <ClCompile Include="src\SystemConfigurationTest.cpp">
      <Filter>Configuration\Source Files</Filter>
    </ClCompile>
    <ClCompile Include="src\XMLConfigurationTest.cpp">
      <Filter>Configuration\Source Files</Filter>
    </ClCompile>
    <ClCompile Include="src\HelpFormatterTest.cpp">
      <Filter>Options\Source Files</Filter>
    </ClCompile>
    <ClCompile Include="src\OptionProcessorTest.cpp">
      <Filter>Options\Source Files</Filter>
    </ClCompile>
    <ClCompile Include="src\OptionSetTest.cpp">
      <Filter>Options\Source Files</Filter>
    </ClCompile>
    <ClCompile Include="src\OptionsTestSuite.cpp">
      <Filter>Options\Source Files</Filter>
    </ClCompile>
    <ClCompile Include="src\OptionTest.cpp">
      <Filter>Options\Source Files</Filter>
    </ClCompile>
    <ClCompile Include="src\ValidatorTest.cpp">
      <Filter>Options\Source Files</Filter>
    </ClCompile>
    <ClCompile Include="src\WinConfigurationTest.cpp">
      <Filter>Windows\Source Files</Filter>
    </ClCompile>
    <ClCompile Include="src\WindowsTestSuite.cpp">
      <Filter>Windows\Source Files</Filter>
    </ClCompile>
    <ClCompile Include="src\WinRegistryTest.cpp">
      <Filter>Windows\Source Files</Filter>
    </ClCompile>
    <ClCompile Include="src\TimerTest.cpp">
      <Filter>Timer\Source Files</Filter>
    </ClCompile>
    <ClCompile Include="src\TimerTestSuite.cpp">
      <Filter>Timer\Source Files</Filter>
    </ClCompile>
  </ItemGroup>
</Project>