<?xml version="1.0" encoding="utf-8"?>
<Project ToolsVersion="4.0" xmlns="http://schemas.microsoft.com/developer/msbuild/2003">
  <ItemGroup>
    <Filter Include="Application">
      <UniqueIdentifier>{3896069e-b039-42b9-8101-da8373cbc64a}</UniqueIdentifier>
    </Filter>
    <Filter Include="Application\Header Files">
      <UniqueIdentifier>{a47fdea6-e670-4c64-91cc-04a186d0fcac}</UniqueIdentifier>
    </Filter>
    <Filter Include="Application\Source Files">
      <UniqueIdentifier>{6486c2d8-dde7-425f-8cc4-ed7cacbb17c5}</UniqueIdentifier>
    </Filter>
    <Filter Include="Configuration">
      <UniqueIdentifier>{b972ea51-cfd2-4815-8123-c49fa02f0de8}</UniqueIdentifier>
    </Filter>
    <Filter Include="Configuration\Header Files">
      <UniqueIdentifier>{2f11312f-e3c4-4872-a7f9-a3e1db0b4dc8}</UniqueIdentifier>
    </Filter>
    <Filter Include="Configuration\Source Files">
      <UniqueIdentifier>{ce037e61-5d75-4d76-bfcc-3105077dbe99}</UniqueIdentifier>
    </Filter>
    <Filter Include="Options">
      <UniqueIdentifier>{541840a0-a3dd-4bbe-ba7a-ad60ee8fc95f}</UniqueIdentifier>
    </Filter>
    <Filter Include="Options\Header Files">
      <UniqueIdentifier>{df0c6663-e528-4c01-866c-f647906c0594}</UniqueIdentifier>
    </Filter>
    <Filter Include="Options\Source Files">
      <UniqueIdentifier>{a68b87b7-b07f-4ae7-81e4-26597f87b71a}</UniqueIdentifier>
    </Filter>
    <Filter Include="Windows">
      <UniqueIdentifier>{eba6fad4-307c-420f-849c-d302b1c99f02}</UniqueIdentifier>
    </Filter>
    <Filter Include="Windows\Header Files">
      <UniqueIdentifier>{19660a6e-0e8f-440a-b1df-c62d1f2738b7}</UniqueIdentifier>
    </Filter>
    <Filter Include="Windows\Source Files">
      <UniqueIdentifier>{8930ac4f-2afb-45c0-9ca1-ee13bdc441f9}</UniqueIdentifier>
    </Filter>
    <Filter Include="Util">
      <UniqueIdentifier>{7318b82d-4cf9-47e3-8909-3d486e566ed9}</UniqueIdentifier>
    </Filter>
    <Filter Include="Util\Header Files">
      <UniqueIdentifier>{23676c62-a67b-42d5-88df-454277a6070b}</UniqueIdentifier>
    </Filter>
    <Filter Include="Util\Source Files">
      <UniqueIdentifier>{28297233-5d72-4e53-b695-8eb9a5cc827d}</UniqueIdentifier>
    </Filter>
    <Filter Include="Timer">
      <UniqueIdentifier>{da5b9076-62fc-46af-974b-50b26e69ef23}</UniqueIdentifier>
    </Filter>
    <Filter Include="Timer\Header Files">
      <UniqueIdentifier>{f670ef12-25f1-433f-ba8c-37b8eb4d4b4e}</UniqueIdentifier>
    </Filter>
    <Filter Include="Timer\Source Files">
      <UniqueIdentifier>{3cef0a9f-4a6f-4d8c-ad59-c4336ce4cc22}</UniqueIdentifier>
    </Filter>
  </ItemGroup>
  <ItemGroup>
    <ClInclude Include="include\Poco\Util\Application.h">
      <Filter>Application\Header Files</Filter>
    </ClInclude>
    <ClInclude Include="include\Poco\Util\LoggingSubsystem.h">
      <Filter>Application\Header Files</Filter>
    </ClInclude>
    <ClInclude Include="include\Poco\Util\ServerApplication.h">
      <Filter>Application\Header Files</Filter>
    </ClInclude>
    <ClInclude Include="include\Poco\Util\Subsystem.h">
      <Filter>Application\Header Files</Filter>
    </ClInclude>
    <ClInclude Include="include\Poco\Util\AbstractConfiguration.h">
      <Filter>Configuration\Header Files</Filter>
    </ClInclude>
    <ClInclude Include="include\Poco\Util\ConfigurationMapper.h">
      <Filter>Configuration\Header Files</Filter>
    </ClInclude>
    <ClInclude Include="include\Poco\Util\ConfigurationView.h">
      <Filter>Configuration\Header Files</Filter>
    </ClInclude>
    <ClInclude Include="include\Poco\Util\FilesystemConfiguration.h">
      <Filter>Configuration\Header Files</Filter>
    </ClInclude>
    <ClInclude Include="include\Poco\Util\IniFileConfiguration.h">
      <Filter>Configuration\Header Files</Filter>
    </ClInclude>
    <ClInclude Include="include\Poco\Util\JSONConfiguration.h">
      <Filter>Configuration\Header Files</Filter>
    </ClInclude>
    <ClInclude Include="include\Poco\Util\LayeredConfiguration.h">
      <Filter>Configuration\Header Files</Filter>
    </ClInclude>
    <ClInclude Include="include\Poco\Util\LoggingConfigurator.h">
      <Filter>Configuration\Header Files</Filter>
    </ClInclude>
    <ClInclude Include="include\Poco\Util\MapConfiguration.h">
      <Filter>Configuration\Header Files</Filter>
    </ClInclude>
    <ClInclude Include="include\Poco\Util\PropertyFileConfiguration.h">
      <Filter>Configuration\Header Files</Filter>
    </ClInclude>
    <ClInclude Include="include\Poco\Util\SystemConfiguration.h">
      <Filter>Configuration\Header Files</Filter>
    </ClInclude>
    <ClInclude Include="include\Poco\Util\XMLConfiguration.h">
      <Filter>Configuration\Header Files</Filter>
    </ClInclude>
    <ClInclude Include="include\Poco\Util\HelpFormatter.h">
      <Filter>Options\Header Files</Filter>
    </ClInclude>
    <ClInclude Include="include\Poco\Util\IntValidator.h">
      <Filter>Options\Header Files</Filter>
    </ClInclude>
    <ClInclude Include="include\Poco\Util\Option.h">
      <Filter>Options\Header Files</Filter>
    </ClInclude>
    <ClInclude Include="include\Poco\Util\OptionCallback.h">
      <Filter>Options\Header Files</Filter>
    </ClInclude>
    <ClInclude Include="include\Poco\Util\OptionException.h">
      <Filter>Options\Header Files</Filter>
    </ClInclude>
    <ClInclude Include="include\Poco\Util\OptionProcessor.h">
      <Filter>Options\Header Files</Filter>
    </ClInclude>
    <ClInclude Include="include\Poco\Util\OptionSet.h">
      <Filter>Options\Header Files</Filter>
    </ClInclude>
    <ClInclude Include="include\Poco\Util\RegExpValidator.h">
      <Filter>Options\Header Files</Filter>
    </ClInclude>
    <ClInclude Include="include\Poco\Util\Validator.h">
      <Filter>Options\Header Files</Filter>
    </ClInclude>
    <ClInclude Include="include\Poco\Util\WinRegistryConfiguration.h">
      <Filter>Windows\Header Files</Filter>
    </ClInclude>
    <ClInclude Include="include\Poco\Util\WinRegistryKey.h">
      <Filter>Windows\Header Files</Filter>
    </ClInclude>
    <ClInclude Include="include\Poco\Util\WinService.h">
      <Filter>Windows\Header Files</Filter>
    </ClInclude>
    <ClInclude Include="include\Poco\Util\Util.h">
      <Filter>Util\Header Files</Filter>
    </ClInclude>
    <ClInclude Include="include\Poco\Util\Timer.h">
      <Filter>Timer\Header Files</Filter>
    </ClInclude>
    <ClInclude Include="include\Poco\Util\TimerTask.h">
      <Filter>Timer\Header Files</Filter>
    </ClInclude>
    <ClInclude Include="include\Poco\Util\TimerTaskAdapter.h">
      <Filter>Timer\Header Files</Filter>
    </ClInclude>
  </ItemGroup>
  <ItemGroup>
    <ClCompile Include="src\Application.cpp">
      <Filter>Application\Source Files</Filter>
    </ClCompile>
    <ClCompile Include="src\LoggingSubsystem.cpp">
      <Filter>Application\Source Files</Filter>
    </ClCompile>
    <ClCompile Include="src\ServerApplication.cpp">
      <Filter>Application\Source Files</Filter>
    </ClCompile>
    <ClCompile Include="src\Subsystem.cpp">
      <Filter>Application\Source Files</Filter>
    </ClCompile>
    <ClCompile Include="src\AbstractConfiguration.cpp">
      <Filter>Configuration\Source Files</Filter>
    </ClCompile>
    <ClCompile Include="src\ConfigurationMapper.cpp">
      <Filter>Configuration\Source Files</Filter>
    </ClCompile>
    <ClCompile Include="src\ConfigurationView.cpp">
      <Filter>Configuration\Source Files</Filter>
    </ClCompile>
    <ClCompile Include="src\FilesystemConfiguration.cpp">
      <Filter>Configuration\Source Files</Filter>
    </ClCompile>
    <ClCompile Include="src\IniFileConfiguration.cpp">
      <Filter>Configuration\Source Files</Filter>
    </ClCompile>
    <ClCompile Include="src\JSONConfiguration.cpp">
      <Filter>Configuration\Source Files</Filter>
    </ClCompile>
    <ClCompile Include="src\LayeredConfiguration.cpp">
      <Filter>Configuration\Source Files</Filter>
    </ClCompile>
    <ClCompile Include="src\LoggingConfigurator.cpp">
      <Filter>Configuration\Source Files</Filter>
    </ClCompile>
    <ClCompile Include="src\MapConfiguration.cpp">
      <Filter>Configuration\Source Files</Filter>
    </ClCompile>
    <ClCompile Include="src\PropertyFileConfiguration.cpp">
      <Filter>Configuration\Source Files</Filter>
    </ClCompile>
    <ClCompile Include="src\SystemConfiguration.cpp">
      <Filter>Configuration\Source Files</Filter>
    </ClCompile>
    <ClCompile Include="src\XMLConfiguration.cpp">
      <Filter>Configuration\Source Files</Filter>
    </ClCompile>
    <ClCompile Include="src\HelpFormatter.cpp">
      <Filter>Options\Source Files</Filter>
    </ClCompile>
    <ClCompile Include="src\IntValidator.cpp">
      <Filter>Options\Source Files</Filter>
    </ClCompile>
    <ClCompile Include="src\Option.cpp">
      <Filter>Options\Source Files</Filter>
    </ClCompile>
    <ClCompile Include="src\OptionCallback.cpp">
      <Filter>Options\Source Files</Filter>
    </ClCompile>
    <ClCompile Include="src\OptionException.cpp">
      <Filter>Options\Source Files</Filter>
    </ClCompile>
    <ClCompile Include="src\OptionProcessor.cpp">
      <Filter>Options\Source Files</Filter>
    </ClCompile>
    <ClCompile Include="src\OptionSet.cpp">
      <Filter>Options\Source Files</Filter>
    </ClCompile>
    <ClCompile Include="src\RegExpValidator.cpp">
      <Filter>Options\Source Files</Filter>
    </ClCompile>
    <ClCompile Include="src\Validator.cpp">
      <Filter>Options\Source Files</Filter>
    </ClCompile>
    <ClCompile Include="src\WinRegistryConfiguration.cpp">
      <Filter>Windows\Source Files</Filter>
    </ClCompile>
    <ClCompile Include="src\WinRegistryKey.cpp">
      <Filter>Windows\Source Files</Filter>
    </ClCompile>
    <ClCompile Include="src\WinService.cpp">
      <Filter>Windows\Source Files</Filter>
    </ClCompile>
    <ClCompile Include="src\Timer.cpp">
      <Filter>Timer\Source Files</Filter>
    </ClCompile>
    <ClCompile Include="src\TimerTask.cpp">
      <Filter>Timer\Source Files</Filter>
    </ClCompile>
  </ItemGroup>
  <ItemGroup>
    <ResourceCompile Include="..\DLLVersion.rc" />
  </ItemGroup>
</Project>