<?xml version="1.0" encoding="utf-8"?>
<Project ToolsVersion="4.0" xmlns="http://schemas.microsoft.com/developer/msbuild/2003">
  <ItemGroup>
    <Filter Include="HTTPS">
      <UniqueIdentifier>{b0d05073-b0d2-416d-b0d1-abffb5b29f51}</UniqueIdentifier>
    </Filter>
    <Filter Include="HTTPS\Header Files">
      <UniqueIdentifier>{d16b63c2-4fd3-4c96-97e4-9c39bc3e2110}</UniqueIdentifier>
    </Filter>
    <Filter Include="HTTPS\Source Files">
      <UniqueIdentifier>{fc025b6f-b997-4624-a28f-b5e1c41e9f21}</UniqueIdentifier>
    </Filter>
    <Filter Include="_Suite">
      <UniqueIdentifier>{08104225-07a6-496b-b2ee-4a62ef684ce2}</UniqueIdentifier>
    </Filter>
    <Filter Include="_Suite\Header Files">
      <UniqueIdentifier>{7df90413-1553-4b62-912a-ba43d939fb55}</UniqueIdentifier>
    </Filter>
    <Filter Include="_Suite\Source Files">
      <UniqueIdentifier>{bd80da85-ebd5-4753-82ea-dbb994ec7ef1}</UniqueIdentifier>
    </Filter>
    <Filter Include="_Driver">
      <UniqueIdentifier>{fa84d60a-2a8c-47ac-8099-44ec6420d1a4}</UniqueIdentifier>
    </Filter>
    <Filter Include="_Driver\Source Files">
      <UniqueIdentifier>{e933397c-63f8-44b5-84b1-cbf3189f8ed1}</UniqueIdentifier>
    </Filter>
    <Filter Include="TCPServer">
      <UniqueIdentifier>{415a097f-6a70-405c-bcfc-feebf9cdbc21}</UniqueIdentifier>
    </Filter>
    <Filter Include="TCPServer\Header Files">
      <UniqueIdentifier>{f492a6f7-4c83-4a4a-9250-cf82aa64059c}</UniqueIdentifier>
    </Filter>
    <Filter Include="TCPServer\Source Files">
      <UniqueIdentifier>{523d38ff-da02-4e48-8422-266b023285de}</UniqueIdentifier>
    </Filter>
    <Filter Include="HTTPSServer">
      <UniqueIdentifier>{208df1e2-34f0-4ef4-897a-147014475337}</UniqueIdentifier>
    </Filter>
    <Filter Include="HTTPSServer\Header Files">
      <UniqueIdentifier>{433d0b0d-64a6-411c-b1e3-27ab34eb2852}</UniqueIdentifier>
    </Filter>
    <Filter Include="HTTPSServer\Source Files">
      <UniqueIdentifier>{c06e225b-d3f8-4198-9275-021fc6a00ca6}</UniqueIdentifier>
    </Filter>
    <Filter Include="HTTPSClient">
      <UniqueIdentifier>{5645719a-02ec-4068-9ae5-084ce926f5ce}</UniqueIdentifier>
    </Filter>
    <Filter Include="HTTPSClient\Header Files">
      <UniqueIdentifier>{38ccd6f0-6d22-432e-ad1e-5fa0aec8efc5}</UniqueIdentifier>
    </Filter>
    <Filter Include="HTTPSClient\Source Files">
      <UniqueIdentifier>{967b2255-8986-414a-bf6b-c1b6389168cd}</UniqueIdentifier>
    </Filter>
  </ItemGroup>
  <ItemGroup>
    <ClInclude Include="src\HTTPSTestServer.h">
      <Filter>HTTPS\Header Files</Filter>
    </ClInclude>
    <ClInclude Include="src\NetSSLTestSuite.h">
      <Filter>_Suite\Header Files</Filter>
    </ClInclude>
    <ClInclude Include="src\TCPServerTest.h">
      <Filter>TCPServer\Header Files</Filter>
    </ClInclude>
    <ClInclude Include="src\TCPServerTestSuite.h">
      <Filter>TCPServer\Header Files</Filter>
    </ClInclude>
    <ClInclude Include="src\HTTPSServerTest.h">
      <Filter>HTTPSServer\Header Files</Filter>
    </ClInclude>
    <ClInclude Include="src\HTTPSServerTestSuite.h">
      <Filter>HTTPSServer\Header Files</Filter>
    </ClInclude>
    <ClInclude Include="src\HTTPSClientSessionTest.h">
      <Filter>HTTPSClient\Header Files</Filter>
    </ClInclude>
    <ClInclude Include="src\HTTPSClientTestSuite.h">
      <Filter>HTTPSClient\Header Files</Filter>
    </ClInclude>
    <ClInclude Include="src\HTTPSStreamFactoryTest.h">
      <Filter>HTTPSClient\Header Files</Filter>
    </ClInclude>
  </ItemGroup>
  <ItemGroup>
    <ClCompile Include="src\HTTPSTestServer.cpp">
      <Filter>HTTPS\Source Files</Filter>
    </ClCompile>
    <ClCompile Include="src\NetSSLTestSuite.cpp">
      <Filter>_Suite\Source Files</Filter>
    </ClCompile>
    <ClCompile Include="src\WinDriver.cpp">
      <Filter>_Driver\Source Files</Filter>
    </ClCompile>
    <ClCompile Include="src\TCPServerTest.cpp">
      <Filter>TCPServer\Source Files</Filter>
    </ClCompile>
    <ClCompile Include="src\TCPServerTestSuite.cpp">
      <Filter>TCPServer\Source Files</Filter>
    </ClCompile>
    <ClCompile Include="src\HTTPSServerTest.cpp">
      <Filter>HTTPSServer\Source Files</Filter>
    </ClCompile>
    <ClCompile Include="src\HTTPSServerTestSuite.cpp">
      <Filter>HTTPSServer\Source Files</Filter>
    </ClCompile>
    <ClCompile Include="src\HTTPSClientSessionTest.cpp">
      <Filter>HTTPSClient\Source Files</Filter>
    </ClCompile>
    <ClCompile Include="src\HTTPSClientTestSuite.cpp">
      <Filter>HTTPSClient\Source Files</Filter>
    </ClCompile>
    <ClCompile Include="src\HTTPSStreamFactoryTest.cpp">
      <Filter>HTTPSClient\Source Files</Filter>
    </ClCompile>
  </ItemGroup>
</Project>