<?xml version="1.0" encoding="utf-8"?>
<Project ToolsVersion="4.0" xmlns="http://schemas.microsoft.com/developer/msbuild/2003">
  <ItemGroup>
    <Filter Include="Zip">
      <UniqueIdentifier>{74337d5e-9d23-4ea2-b132-6922ce5b4ef6}</UniqueIdentifier>
    </Filter>
    <Filter Include="Zip\Header Files">
      <UniqueIdentifier>{398eb780-ddc6-4298-8ca4-3d700637f1b3}</UniqueIdentifier>
    </Filter>
    <Filter Include="Zip\Source Files">
      <UniqueIdentifier>{bdf87f4f-f404-4249-84b6-98fe37fc952b}</UniqueIdentifier>
    </Filter>
    <Filter Include="_Suite">
      <UniqueIdentifier>{207302d2-b775-4499-86c8-a02e42c1b21f}</UniqueIdentifier>
    </Filter>
    <Filter Include="_Suite\Header Files">
      <UniqueIdentifier>{1726c3c0-7a37-4cbe-af1e-bdf63c545904}</UniqueIdentifier>
    </Filter>
    <Filter Include="_Suite\Source Files">
      <UniqueIdentifier>{6369c990-15dd-4cc7-b30f-1aa1e737548d}</UniqueIdentifier>
    </Filter>
    <Filter Include="_Driver">
      <UniqueIdentifier>{352c2b6e-1eeb-4f5d-82ea-ae4ee8cf4182}</UniqueIdentifier>
    </Filter>
    <Filter Include="_Driver\Source Files">
      <UniqueIdentifier>{00319fef-7ce0-4f30-9cf5-ee593017b3b7}</UniqueIdentifier>
    </Filter>
  </ItemGroup>
  <ItemGroup>
    <ClInclude Include="src\CompressTest.h">
      <Filter>Zip\Header Files</Filter>
    </ClInclude>
    <ClInclude Include="src\PartialStreamTest.h">
      <Filter>Zip\Header Files</Filter>
    </ClInclude>
    <ClInclude Include="src\ZipTest.h">
      <Filter>Zip\Header Files</Filter>
    </ClInclude>
    <ClInclude Include="src\ZipTestSuite.h">
      <Filter>_Suite\Header Files</Filter>
    </ClInclude>
  </ItemGroup>
  <ItemGroup>
    <ClCompile Include="src\CompressTest.cpp">
      <Filter>Zip\Source Files</Filter>
    </ClCompile>
    <ClCompile Include="src\PartialStreamTest.cpp">
      <Filter>Zip\Source Files</Filter>
    </ClCompile>
    <ClCompile Include="src\ZipTest.cpp">
      <Filter>Zip\Source Files</Filter>
    </ClCompile>
    <ClCompile Include="src\ZipTestSuite.cpp">
      <Filter>_Suite\Source Files</Filter>
    </ClCompile>
    <ClCompile Include="src\WinDriver.cpp">
      <Filter>_Driver\Source Files</Filter>
    </ClCompile>
  </ItemGroup>
</Project>