Microsoft Visual Studio Solution File, Format Version 12.00
# Visual Studio 15
VisualStudioVersion = 15.0.26228.12
MinimumVisualStudioVersion = 10.0.40219.1
Project("{8BC9CEB8-8B4A-11D0-8D11-00A0C91BC942}") = "Data", "Data.vcxproj", "{34DC2545-936F-499F-9D3B-9079676EF15E}"
EndProject
Project("{8BC9CEB8-8B4A-11D0-8D11-00A0C91BC942}") = "TestSuite", "testsuite\TestSuite.vcxproj", "{744F00FE-6630-4F24-AC66-91D2A3241755}"
EndProject
Global
	GlobalSection(SolutionConfigurationPlatforms) = preSolution
		debug_shared_100_mbcs|Win32 = debug_shared_100_mbcs|Win32
		debug_shared_100_unicode|Win32 = debug_shared_100_unicode|Win32
		debug_shared_110_mbcs|Win32 = debug_shared_110_mbcs|Win32
		debug_shared_110_unicode|Win32 = debug_shared_110_unicode|Win32
		debug_shared_110_xp_mbcs|Win32 = debug_shared_110_xp_mbcs|Win32
		debug_shared_110_xp_unicode|Win32 = debug_shared_110_xp_unicode|Win32
		debug_shared_120_mbcs|Win32 = debug_shared_120_mbcs|Win32
		debug_shared_120_unicode|Win32 = debug_shared_120_unicode|Win32
		debug_shared_120_xp_mbcs|Win32 = debug_shared_120_xp_mbcs|Win32
		debug_shared_120_xp_unicode|Win32 = debug_shared_120_xp_unicode|Win32
		debug_shared_140_mbcs|Win32 = debug_shared_140_mbcs|Win32
		debug_shared_140_unicode|Win32 = debug_shared_140_unicode|Win32
		debug_shared_140_xp_mbcs|Win32 = debug_shared_140_xp_mbcs|Win32
		debug_shared_140_xp_unicode|Win32 = debug_shared_140_xp_unicode|Win32
		debug_shared_141_mbcs|Win32 = debug_shared_141_mbcs|Win32
		debug_shared_141_unicode|Win32 = debug_shared_141_unicode|Win32
		debug_shared_141_xp_mbcs|Win32 = debug_shared_141_xp_mbcs|Win32
		debug_shared_141_xp_unicode|Win32 = debug_shared_141_xp_unicode|Win32
		debug_shared_90_mbcs|Win32 = debug_shared_90_mbcs|Win32
		debug_shared_90_unicode|Win32 = debug_shared_90_unicode|Win32
		debug_static_md_100_mbcs|Win32 = debug_static_md_100_mbcs|Win32
		debug_static_md_100_unicode|Win32 = debug_static_md_100_unicode|Win32
		debug_static_md_110_mbcs|Win32 = debug_static_md_110_mbcs|Win32
		debug_static_md_110_unicode|Win32 = debug_static_md_110_unicode|Win32
		debug_static_md_110_xp_mbcs|Win32 = debug_static_md_110_xp_mbcs|Win32
		debug_static_md_110_xp_unicode|Win32 = debug_static_md_110_xp_unicode|Win32
		debug_static_md_120_mbcs|Win32 = debug_static_md_120_mbcs|Win32
		debug_static_md_120_unicode|Win32 = debug_static_md_120_unicode|Win32
		debug_static_md_120_xp_mbcs|Win32 = debug_static_md_120_xp_mbcs|Win32
		debug_static_md_120_xp_unicode|Win32 = debug_static_md_120_xp_unicode|Win32
		debug_static_md_140_mbcs|Win32 = debug_static_md_140_mbcs|Win32
		debug_static_md_140_unicode|Win32 = debug_static_md_140_unicode|Win32
		debug_static_md_140_xp_mbcs|Win32 = debug_static_md_140_xp_mbcs|Win32
		debug_static_md_140_xp_unicode|Win32 = debug_static_md_140_xp_unicode|Win32
		debug_static_md_141_mbcs|Win32 = debug_static_md_141_mbcs|Win32
		debug_static_md_141_unicode|Win32 = debug_static_md_141_unicode|Win32
		debug_static_md_141_xp_mbcs|Win32 = debug_static_md_141_xp_mbcs|Win32
		debug_static_md_141_xp_unicode|Win32 = debug_static_md_141_xp_unicode|Win32
		debug_static_md_90_mbcs|Win32 = debug_static_md_90_mbcs|Win32
		debug_static_md_90_unicode|Win32 = debug_static_md_90_unicode|Win32
		debug_static_mt_100_mbcs|Win32 = debug_static_mt_100_mbcs|Win32
		debug_static_mt_100_unicode|Win32 = debug_static_mt_100_unicode|Win32
		debug_static_mt_110_mbcs|Win32 = debug_static_mt_110_mbcs|Win32
		debug_static_mt_110_unicode|Win32 = debug_static_mt_110_unicode|Win32
		debug_static_mt_110_xp_mbcs|Win32 = debug_static_mt_110_xp_mbcs|Win32
		debug_static_mt_110_xp_unicode|Win32 = debug_static_mt_110_xp_unicode|Win32
		debug_static_mt_120_mbcs|Win32 = debug_static_mt_120_mbcs|Win32
		debug_static_mt_120_unicode|Win32 = debug_static_mt_120_unicode|Win32
		debug_static_mt_120_xp_mbcs|Win32 = debug_static_mt_120_xp_mbcs|Win32
		debug_static_mt_120_xp_unicode|Win32 = debug_static_mt_120_xp_unicode|Win32
		debug_static_mt_140_mbcs|Win32 = debug_static_mt_140_mbcs|Win32
		debug_static_mt_140_unicode|Win32 = debug_static_mt_140_unicode|Win32
		debug_static_mt_140_xp_mbcs|Win32 = debug_static_mt_140_xp_mbcs|Win32
		debug_static_mt_140_xp_unicode|Win32 = debug_static_mt_140_xp_unicode|Win32
		debug_static_mt_141_mbcs|Win32 = debug_static_mt_141_mbcs|Win32
		debug_static_mt_141_unicode|Win32 = debug_static_mt_141_unicode|Win32
		debug_static_mt_141_xp_mbcs|Win32 = debug_static_mt_141_xp_mbcs|Win32
		debug_static_mt_141_xp_unicode|Win32 = debug_static_mt_141_xp_unicode|Win32
		debug_static_mt_90_mbcs|Win32 = debug_static_mt_90_mbcs|Win32
		debug_static_mt_90_unicode|Win32 = debug_static_mt_90_unicode|Win32
		release_shared_100_mbcs|Win32 = release_shared_100_mbcs|Win32
		release_shared_100_unicode|Win32 = release_shared_100_unicode|Win32
		release_shared_110_mbcs|Win32 = release_shared_110_mbcs|Win32
		release_shared_110_unicode|Win32 = release_shared_110_unicode|Win32
		release_shared_110_xp_mbcs|Win32 = release_shared_110_xp_mbcs|Win32
		release_shared_110_xp_unicode|Win32 = release_shared_110_xp_unicode|Win32
		release_shared_120_mbcs|Win32 = release_shared_120_mbcs|Win32
		release_shared_120_unicode|Win32 = release_shared_120_unicode|Win32
		release_shared_120_xp_mbcs|Win32 = release_shared_120_xp_mbcs|Win32
		release_shared_120_xp_unicode|Win32 = release_shared_120_xp_unicode|Win32
		release_shared_140_mbcs|Win32 = release_shared_140_mbcs|Win32
		release_shared_140_unicode|Win32 = release_shared_140_unicode|Win32
		release_shared_140_xp_mbcs|Win32 = release_shared_140_xp_mbcs|Win32
		release_shared_140_xp_unicode|Win32 = release_shared_140_xp_unicode|Win32
		release_shared_141_mbcs|Win32 = release_shared_141_mbcs|Win32
		release_shared_141_unicode|Win32 = release_shared_141_unicode|Win32
		release_shared_141_xp_mbcs|Win32 = release_shared_141_xp_mbcs|Win32
		release_shared_141_xp_unicode|Win32 = release_shared_141_xp_unicode|Win32
		release_shared_90_mbcs|Win32 = release_shared_90_mbcs|Win32
		release_shared_90_unicode|Win32 = release_shared_90_unicode|Win32
		release_static_md_100_mbcs|Win32 = release_static_md_100_mbcs|Win32
		release_static_md_100_unicode|Win32 = release_static_md_100_unicode|Win32
		release_static_md_110_mbcs|Win32 = release_static_md_110_mbcs|Win32
		release_static_md_110_unicode|Win32 = release_static_md_110_unicode|Win32
		release_static_md_110_xp_mbcs|Win32 = release_static_md_110_xp_mbcs|Win32
		release_static_md_110_xp_unicode|Win32 = release_static_md_110_xp_unicode|Win32
		release_static_md_120_mbcs|Win32 = release_static_md_120_mbcs|Win32
		release_static_md_120_unicode|Win32 = release_static_md_120_unicode|Win32
		release_static_md_120_xp_mbcs|Win32 = release_static_md_120_xp_mbcs|Win32
		release_static_md_120_xp_unicode|Win32 = release_static_md_120_xp_unicode|Win32
		release_static_md_140_mbcs|Win32 = release_static_md_140_mbcs|Win32
		release_static_md_140_unicode|Win32 = release_static_md_140_unicode|Win32
		release_static_md_140_xp_mbcs|Win32 = release_static_md_140_xp_mbcs|Win32
		release_static_md_140_xp_unicode|Win32 = release_static_md_140_xp_unicode|Win32
		release_static_md_141_mbcs|Win32 = release_static_md_141_mbcs|Win32
		release_static_md_141_unicode|Win32 = release_static_md_141_unicode|Win32
		release_static_md_141_xp_mbcs|Win32 = release_static_md_141_xp_mbcs|Win32
		release_static_md_141_xp_unicode|Win32 = release_static_md_141_xp_unicode|Win32
		release_static_md_90_mbcs|Win32 = release_static_md_90_mbcs|Win32
		release_static_md_90_unicode|Win32 = release_static_md_90_unicode|Win32
		release_static_mt_100_mbcs|Win32 = release_static_mt_100_mbcs|Win32
		release_static_mt_100_unicode|Win32 = release_static_mt_100_unicode|Win32
		release_static_mt_110_mbcs|Win32 = release_static_mt_110_mbcs|Win32
		release_static_mt_110_unicode|Win32 = release_static_mt_110_unicode|Win32
		release_static_mt_110_xp_mbcs|Win32 = release_static_mt_110_xp_mbcs|Win32
		release_static_mt_110_xp_unicode|Win32 = release_static_mt_110_xp_unicode|Win32
		release_static_mt_120_mbcs|Win32 = release_static_mt_120_mbcs|Win32
		release_static_mt_120_unicode|Win32 = release_static_mt_120_unicode|Win32
		release_static_mt_120_xp_mbcs|Win32 = release_static_mt_120_xp_mbcs|Win32
		release_static_mt_120_xp_unicode|Win32 = release_static_mt_120_xp_unicode|Win32
		release_static_mt_140_mbcs|Win32 = release_static_mt_140_mbcs|Win32
		release_static_mt_140_unicode|Win32 = release_static_mt_140_unicode|Win32
		release_static_mt_140_xp_mbcs|Win32 = release_static_mt_140_xp_mbcs|Win32
		release_static_mt_140_xp_unicode|Win32 = release_static_mt_140_xp_unicode|Win32
		release_static_mt_141_mbcs|Win32 = release_static_mt_141_mbcs|Win32
		release_static_mt_141_unicode|Win32 = release_static_mt_141_unicode|Win32
		release_static_mt_141_xp_mbcs|Win32 = release_static_mt_141_xp_mbcs|Win32
		release_static_mt_141_xp_unicode|Win32 = release_static_mt_141_xp_unicode|Win32
		release_static_mt_90_mbcs|Win32 = release_static_mt_90_mbcs|Win32
		release_static_mt_90_unicode|Win32 = release_static_mt_90_unicode|Win32
	EndGlobalSection
	GlobalSection(ProjectConfigurationPlatforms) = postSolution
		{34DC2545-936F-499F-9D3B-9079676EF15E}.debug_shared_100_mbcs|Win32.ActiveCfg = debug_shared_100_mbcs|Win32
		{34DC2545-936F-499F-9D3B-9079676EF15E}.debug_shared_100_mbcs|Win32.Build.0 = debug_shared_100_mbcs|Win32
		{34DC2545-936F-499F-9D3B-9079676EF15E}.debug_shared_100_unicode|Win32.ActiveCfg = debug_shared_100_unicode|Win32
		{34DC2545-936F-499F-9D3B-9079676EF15E}.debug_shared_100_unicode|Win32.Build.0 = debug_shared_100_unicode|Win32
		{34DC2545-936F-499F-9D3B-9079676EF15E}.debug_shared_110_mbcs|Win32.ActiveCfg = debug_shared_110_mbcs|Win32
		{34DC2545-936F-499F-9D3B-9079676EF15E}.debug_shared_110_mbcs|Win32.Build.0 = debug_shared_110_mbcs|Win32
		{34DC2545-936F-499F-9D3B-9079676EF15E}.debug_shared_110_unicode|Win32.ActiveCfg = debug_shared_110_unicode|Win32
		{34DC2545-936F-499F-9D3B-9079676EF15E}.debug_shared_110_unicode|Win32.Build.0 = debug_shared_110_unicode|Win32
		{34DC2545-936F-499F-9D3B-9079676EF15E}.debug_shared_110_xp_mbcs|Win32.ActiveCfg = debug_shared_110_xp_mbcs|Win32
		{34DC2545-936F-499F-9D3B-9079676EF15E}.debug_shared_110_xp_mbcs|Win32.Build.0 = debug_shared_110_xp_mbcs|Win32
		{34DC2545-936F-499F-9D3B-9079676EF15E}.debug_shared_110_xp_unicode|Win32.ActiveCfg = debug_shared_110_xp_unicode|Win32
		{34DC2545-936F-499F-9D3B-9079676EF15E}.debug_shared_110_xp_unicode|Win32.Build.0 = debug_shared_110_xp_unicode|Win32
		{34DC2545-936F-499F-9D3B-9079676EF15E}.debug_shared_120_mbcs|Win32.ActiveCfg = debug_shared_120_mbcs|Win32
		{34DC2545-936F-499F-9D3B-9079676EF15E}.debug_shared_120_mbcs|Win32.Build.0 = debug_shared_120_mbcs|Win32
		{34DC2545-936F-499F-9D3B-9079676EF15E}.debug_shared_120_unicode|Win32.ActiveCfg = debug_shared_120_unicode|Win32
		{34DC2545-936F-499F-9D3B-9079676EF15E}.debug_shared_120_unicode|Win32.Build.0 = debug_shared_120_unicode|Win32
		{34DC2545-936F-499F-9D3B-9079676EF15E}.debug_shared_120_xp_mbcs|Win32.ActiveCfg = debug_shared_120_xp_mbcs|Win32
		{34DC2545-936F-499F-9D3B-9079676EF15E}.debug_shared_120_xp_mbcs|Win32.Build.0 = debug_shared_120_xp_mbcs|Win32
		{34DC2545-936F-499F-9D3B-9079676EF15E}.debug_shared_120_xp_unicode|Win32.ActiveCfg = debug_shared_120_xp_unicode|Win32
		{34DC2545-936F-499F-9D3B-9079676EF15E}.debug_shared_120_xp_unicode|Win32.Build.0 = debug_shared_120_xp_unicode|Win32
		{34DC2545-936F-499F-9D3B-9079676EF15E}.debug_shared_140_mbcs|Win32.ActiveCfg = debug_shared_140_mbcs|Win32
		{34DC2545-936F-499F-9D3B-9079676EF15E}.debug_shared_140_mbcs|Win32.Build.0 = debug_shared_140_mbcs|Win32
		{34DC2545-936F-499F-9D3B-9079676EF15E}.debug_shared_140_unicode|Win32.ActiveCfg = debug_shared_140_unicode|Win32
		{34DC2545-936F-499F-9D3B-9079676EF15E}.debug_shared_140_unicode|Win32.Build.0 = debug_shared_140_unicode|Win32
		{34DC2545-936F-499F-9D3B-9079676EF15E}.debug_shared_140_xp_mbcs|Win32.ActiveCfg = debug_shared_140_xp_mbcs|Win32
		{34DC2545-936F-499F-9D3B-9079676EF15E}.debug_shared_140_xp_mbcs|Win32.Build.0 = debug_shared_140_xp_mbcs|Win32
		{34DC2545-936F-499F-9D3B-9079676EF15E}.debug_shared_140_xp_unicode|Win32.ActiveCfg = debug_shared_140_xp_unicode|Win32
		{34DC2545-936F-499F-9D3B-9079676EF15E}.debug_shared_140_xp_unicode|Win32.Build.0 = debug_shared_140_xp_unicode|Win32
		{34DC2545-936F-499F-9D3B-9079676EF15E}.debug_shared_141_mbcs|Win32.ActiveCfg = debug_shared_141_mbcs|Win32
		{34DC2545-936F-499F-9D3B-9079676EF15E}.debug_shared_141_mbcs|Win32.Build.0 = debug_shared_141_mbcs|Win32
		{34DC2545-936F-499F-9D3B-9079676EF15E}.debug_shared_141_unicode|Win32.ActiveCfg = debug_shared_141_unicode|Win32
		{34DC2545-936F-499F-9D3B-9079676EF15E}.debug_shared_141_unicode|Win32.Build.0 = debug_shared_141_unicode|Win32
		{34DC2545-936F-499F-9D3B-9079676EF15E}.debug_shared_141_xp_mbcs|Win32.ActiveCfg = debug_shared_141_xp_mbcs|Win32
		{34DC2545-936F-499F-9D3B-9079676EF15E}.debug_shared_141_xp_mbcs|Win32.Build.0 = debug_shared_141_xp_mbcs|Win32
		{34DC2545-936F-499F-9D3B-9079676EF15E}.debug_shared_141_xp_unicode|Win32.ActiveCfg = debug_shared_141_xp_unicode|Win32
		{34DC2545-936F-499F-9D3B-9079676EF15E}.debug_shared_141_xp_unicode|Win32.Build.0 = debug_shared_141_xp_unicode|Win32
		{34DC2545-936F-499F-9D3B-9079676EF15E}.debug_shared_90_mbcs|Win32.ActiveCfg = debug_shared_90_mbcs|Win32
		{34DC2545-936F-499F-9D3B-9079676EF15E}.debug_shared_90_mbcs|Win32.Build.0 = debug_shared_90_mbcs|Win32
		{34DC2545-936F-499F-9D3B-9079676EF15E}.debug_shared_90_unicode|Win32.ActiveCfg = debug_shared_90_unicode|Win32
		{34DC2545-936F-499F-9D3B-9079676EF15E}.debug_shared_90_unicode|Win32.Build.0 = debug_shared_90_unicode|Win32
		{34DC2545-936F-499F-9D3B-9079676EF15E}.debug_static_md_100_mbcs|Win32.ActiveCfg = debug_static_md_100_mbcs|Win32
		{34DC2545-936F-499F-9D3B-9079676EF15E}.debug_static_md_100_mbcs|Win32.Build.0 = debug_static_md_100_mbcs|Win32
		{34DC2545-936F-499F-9D3B-9079676EF15E}.debug_static_md_100_unicode|Win32.ActiveCfg = debug_static_md_100_unicode|Win32
		{34DC2545-936F-499F-9D3B-9079676EF15E}.debug_static_md_100_unicode|Win32.Build.0 = debug_static_md_100_unicode|Win32
		{34DC2545-936F-499F-9D3B-9079676EF15E}.debug_static_md_110_mbcs|Win32.ActiveCfg = debug_static_md_110_mbcs|Win32
		{34DC2545-936F-499F-9D3B-9079676EF15E}.debug_static_md_110_mbcs|Win32.Build.0 = debug_static_md_110_mbcs|Win32
		{34DC2545-936F-499F-9D3B-9079676EF15E}.debug_static_md_110_unicode|Win32.ActiveCfg = debug_static_md_110_unicode|Win32
		{34DC2545-936F-499F-9D3B-9079676EF15E}.debug_static_md_110_unicode|Win32.Build.0 = debug_static_md_110_unicode|Win32
		{34DC2545-936F-499F-9D3B-9079676EF15E}.debug_static_md_110_xp_mbcs|Win32.ActiveCfg = debug_static_md_110_xp_mbcs|Win32
		{34DC2545-936F-499F-9D3B-9079676EF15E}.debug_static_md_110_xp_mbcs|Win32.Build.0 = debug_static_md_110_xp_mbcs|Win32
		{34DC2545-936F-499F-9D3B-9079676EF15E}.debug_static_md_110_xp_unicode|Win32.ActiveCfg = debug_static_md_110_xp_unicode|Win32
		{34DC2545-936F-499F-9D3B-9079676EF15E}.debug_static_md_110_xp_unicode|Win32.Build.0 = debug_static_md_110_xp_unicode|Win32
		{34DC2545-936F-499F-9D3B-9079676EF15E}.debug_static_md_120_mbcs|Win32.ActiveCfg = debug_static_md_120_mbcs|Win32
		{34DC2545-936F-499F-9D3B-9079676EF15E}.debug_static_md_120_mbcs|Win32.Build.0 = debug_static_md_120_mbcs|Win32
		{34DC2545-936F-499F-9D3B-9079676EF15E}.debug_static_md_120_unicode|Win32.ActiveCfg = debug_static_md_120_unicode|Win32
		{34DC2545-936F-499F-9D3B-9079676EF15E}.debug_static_md_120_unicode|Win32.Build.0 = debug_static_md_120_unicode|Win32
		{34DC2545-936F-499F-9D3B-9079676EF15E}.debug_static_md_120_xp_mbcs|Win32.ActiveCfg = debug_static_md_120_xp_mbcs|Win32
		{34DC2545-936F-499F-9D3B-9079676EF15E}.debug_static_md_120_xp_mbcs|Win32.Build.0 = debug_static_md_120_xp_mbcs|Win32
		{34DC2545-936F-499F-9D3B-9079676EF15E}.debug_static_md_120_xp_unicode|Win32.ActiveCfg = debug_static_md_120_xp_unicode|Win32
		{34DC2545-936F-499F-9D3B-9079676EF15E}.debug_static_md_120_xp_unicode|Win32.Build.0 = debug_static_md_120_xp_unicode|Win32
		{34DC2545-936F-499F-9D3B-9079676EF15E}.debug_static_md_140_mbcs|Win32.ActiveCfg = debug_static_md_140_mbcs|Win32
		{34DC2545-936F-499F-9D3B-9079676EF15E}.debug_static_md_140_mbcs|Win32.Build.0 = debug_static_md_140_mbcs|Win32
		{34DC2545-936F-499F-9D3B-9079676EF15E}.debug_static_md_140_unicode|Win32.ActiveCfg = debug_static_md_140_unicode|Win32
		{34DC2545-936F-499F-9D3B-9079676EF15E}.debug_static_md_140_unicode|Win32.Build.0 = debug_static_md_140_unicode|Win32
		{34DC2545-936F-499F-9D3B-9079676EF15E}.debug_static_md_140_xp_mbcs|Win32.ActiveCfg = debug_static_md_140_xp_mbcs|Win32
		{34DC2545-936F-499F-9D3B-9079676EF15E}.debug_static_md_140_xp_mbcs|Win32.Build.0 = debug_static_md_140_xp_mbcs|Win32
		{34DC2545-936F-499F-9D3B-9079676EF15E}.debug_static_md_140_xp_unicode|Win32.ActiveCfg = debug_static_md_140_xp_unicode|Win32
		{34DC2545-936F-499F-9D3B-9079676EF15E}.debug_static_md_140_xp_unicode|Win32.Build.0 = debug_static_md_140_xp_unicode|Win32
		{34DC2545-936F-499F-9D3B-9079676EF15E}.debug_static_md_141_mbcs|Win32.ActiveCfg = debug_static_md_141_mbcs|Win32
		{34DC2545-936F-499F-9D3B-9079676EF15E}.debug_static_md_141_mbcs|Win32.Build.0 = debug_static_md_141_mbcs|Win32
		{34DC2545-936F-499F-9D3B-9079676EF15E}.debug_static_md_141_unicode|Win32.ActiveCfg = debug_static_md_141_unicode|Win32
		{34DC2545-936F-499F-9D3B-9079676EF15E}.debug_static_md_141_unicode|Win32.Build.0 = debug_static_md_141_unicode|Win32
		{34DC2545-936F-499F-9D3B-9079676EF15E}.debug_static_md_141_xp_mbcs|Win32.ActiveCfg = debug_static_md_141_xp_mbcs|Win32
		{34DC2545-936F-499F-9D3B-9079676EF15E}.debug_static_md_141_xp_mbcs|Win32.Build.0 = debug_static_md_141_xp_mbcs|Win32
		{34DC2545-936F-499F-9D3B-9079676EF15E}.debug_static_md_141_xp_unicode|Win32.ActiveCfg = debug_static_md_141_xp_unicode|Win32
		{34DC2545-936F-499F-9D3B-9079676EF15E}.debug_static_md_141_xp_unicode|Win32.Build.0 = debug_static_md_141_xp_unicode|Win32
		{34DC2545-936F-499F-9D3B-9079676EF15E}.debug_static_md_90_mbcs|Win32.ActiveCfg = debug_static_md_90_mbcs|Win32
		{34DC2545-936F-499F-9D3B-9079676EF15E}.debug_static_md_90_mbcs|Win32.Build.0 = debug_static_md_90_mbcs|Win32
		{34DC2545-936F-499F-9D3B-9079676EF15E}.debug_static_md_90_unicode|Win32.ActiveCfg = debug_static_md_90_unicode|Win32
		{34DC2545-936F-499F-9D3B-9079676EF15E}.debug_static_md_90_unicode|Win32.Build.0 = debug_static_md_90_unicode|Win32
		{34DC2545-936F-499F-9D3B-9079676EF15E}.debug_static_mt_100_mbcs|Win32.ActiveCfg = debug_static_mt_100_mbcs|Win32
		{34DC2545-936F-499F-9D3B-9079676EF15E}.debug_static_mt_100_mbcs|Win32.Build.0 = debug_static_mt_100_mbcs|Win32
		{34DC2545-936F-499F-9D3B-9079676EF15E}.debug_static_mt_100_unicode|Win32.ActiveCfg = debug_static_mt_100_unicode|Win32
		{34DC2545-936F-499F-9D3B-9079676EF15E}.debug_static_mt_100_unicode|Win32.Build.0 = debug_static_mt_100_unicode|Win32
		{34DC2545-936F-499F-9D3B-9079676EF15E}.debug_static_mt_110_mbcs|Win32.ActiveCfg = debug_static_mt_110_mbcs|Win32
		{34DC2545-936F-499F-9D3B-9079676EF15E}.debug_static_mt_110_mbcs|Win32.Build.0 = debug_static_mt_110_mbcs|Win32
		{34DC2545-936F-499F-9D3B-9079676EF15E}.debug_static_mt_110_unicode|Win32.ActiveCfg = debug_static_mt_110_unicode|Win32
		{34DC2545-936F-499F-9D3B-9079676EF15E}.debug_static_mt_110_unicode|Win32.Build.0 = debug_static_mt_110_unicode|Win32
		{34DC2545-936F-499F-9D3B-9079676EF15E}.debug_static_mt_110_xp_mbcs|Win32.ActiveCfg = debug_static_mt_110_xp_mbcs|Win32
		{34DC2545-936F-499F-9D3B-9079676EF15E}.debug_static_mt_110_xp_mbcs|Win32.Build.0 = debug_static_mt_110_xp_mbcs|Win32
		{34DC2545-936F-499F-9D3B-9079676EF15E}.debug_static_mt_110_xp_unicode|Win32.ActiveCfg = debug_static_mt_110_xp_unicode|Win32
		{34DC2545-936F-499F-9D3B-9079676EF15E}.debug_static_mt_110_xp_unicode|Win32.Build.0 = debug_static_mt_110_xp_unicode|Win32
		{34DC2545-936F-499F-9D3B-9079676EF15E}.debug_static_mt_120_mbcs|Win32.ActiveCfg = debug_static_mt_120_mbcs|Win32
		{34DC2545-936F-499F-9D3B-9079676EF15E}.debug_static_mt_120_mbcs|Win32.Build.0 = debug_static_mt_120_mbcs|Win32
		{34DC2545-936F-499F-9D3B-9079676EF15E}.debug_static_mt_120_unicode|Win32.ActiveCfg = debug_static_mt_120_unicode|Win32
		{34DC2545-936F-499F-9D3B-9079676EF15E}.debug_static_mt_120_unicode|Win32.Build.0 = debug_static_mt_120_unicode|Win32
		{34DC2545-936F-499F-9D3B-9079676EF15E}.debug_static_mt_120_xp_mbcs|Win32.ActiveCfg = debug_static_mt_120_xp_mbcs|Win32
		{34DC2545-936F-499F-9D3B-9079676EF15E}.debug_static_mt_120_xp_mbcs|Win32.Build.0 = debug_static_mt_120_xp_mbcs|Win32
		{34DC2545-936F-499F-9D3B-9079676EF15E}.debug_static_mt_120_xp_unicode|Win32.ActiveCfg = debug_static_mt_120_xp_unicode|Win32
		{34DC2545-936F-499F-9D3B-9079676EF15E}.debug_static_mt_120_xp_unicode|Win32.Build.0 = debug_static_mt_120_xp_unicode|Win32
		{34DC2545-936F-499F-9D3B-9079676EF15E}.debug_static_mt_140_mbcs|Win32.ActiveCfg = debug_static_mt_140_mbcs|Win32
		{34DC2545-936F-499F-9D3B-9079676EF15E}.debug_static_mt_140_mbcs|Win32.Build.0 = debug_static_mt_140_mbcs|Win32
		{34DC2545-936F-499F-9D3B-9079676EF15E}.debug_static_mt_140_unicode|Win32.ActiveCfg = debug_static_mt_140_unicode|Win32
		{34DC2545-936F-499F-9D3B-9079676EF15E}.debug_static_mt_140_unicode|Win32.Build.0 = debug_static_mt_140_unicode|Win32
		{34DC2545-936F-499F-9D3B-9079676EF15E}.debug_static_mt_140_xp_mbcs|Win32.ActiveCfg = debug_static_mt_140_xp_mbcs|Win32
		{34DC2545-936F-499F-9D3B-9079676EF15E}.debug_static_mt_140_xp_mbcs|Win32.Build.0 = debug_static_mt_140_xp_mbcs|Win32
		{34DC2545-936F-499F-9D3B-9079676EF15E}.debug_static_mt_140_xp_unicode|Win32.ActiveCfg = debug_static_mt_140_xp_unicode|Win32
		{34DC2545-936F-499F-9D3B-9079676EF15E}.debug_static_mt_140_xp_unicode|Win32.Build.0 = debug_static_mt_140_xp_unicode|Win32
		{34DC2545-936F-499F-9D3B-9079676EF15E}.debug_static_mt_141_mbcs|Win32.ActiveCfg = debug_static_mt_141_mbcs|Win32
		{34DC2545-936F-499F-9D3B-9079676EF15E}.debug_static_mt_141_mbcs|Win32.Build.0 = debug_static_mt_141_mbcs|Win32
		{34DC2545-936F-499F-9D3B-9079676EF15E}.debug_static_mt_141_unicode|Win32.ActiveCfg = debug_static_mt_141_unicode|Win32
		{34DC2545-936F-499F-9D3B-9079676EF15E}.debug_static_mt_141_unicode|Win32.Build.0 = debug_static_mt_141_unicode|Win32
		{34DC2545-936F-499F-9D3B-9079676EF15E}.debug_static_mt_141_xp_mbcs|Win32.ActiveCfg = debug_static_mt_141_xp_mbcs|Win32
		{34DC2545-936F-499F-9D3B-9079676EF15E}.debug_static_mt_141_xp_mbcs|Win32.Build.0 = debug_static_mt_141_xp_mbcs|Win32
		{34DC2545-936F-499F-9D3B-9079676EF15E}.debug_static_mt_141_xp_unicode|Win32.ActiveCfg = debug_static_mt_141_xp_unicode|Win32
		{34DC2545-936F-499F-9D3B-9079676EF15E}.debug_static_mt_141_xp_unicode|Win32.Build.0 = debug_static_mt_141_xp_unicode|Win32
		{34DC2545-936F-499F-9D3B-9079676EF15E}.debug_static_mt_90_mbcs|Win32.ActiveCfg = debug_static_mt_90_mbcs|Win32
		{34DC2545-936F-499F-9D3B-9079676EF15E}.debug_static_mt_90_mbcs|Win32.Build.0 = debug_static_mt_90_mbcs|Win32
		{34DC2545-936F-499F-9D3B-9079676EF15E}.debug_static_mt_90_unicode|Win32.ActiveCfg = debug_static_mt_90_unicode|Win32
		{34DC2545-936F-499F-9D3B-9079676EF15E}.debug_static_mt_90_unicode|Win32.Build.0 = debug_static_mt_90_unicode|Win32
		{34DC2545-936F-499F-9D3B-9079676EF15E}.release_shared_100_mbcs|Win32.ActiveCfg = release_shared_100_mbcs|Win32
		{34DC2545-936F-499F-9D3B-9079676EF15E}.release_shared_100_mbcs|Win32.Build.0 = release_shared_100_mbcs|Win32
		{34DC2545-936F-499F-9D3B-9079676EF15E}.release_shared_100_unicode|Win32.ActiveCfg = release_shared_100_unicode|Win32
		{34DC2545-936F-499F-9D3B-9079676EF15E}.release_shared_100_unicode|Win32.Build.0 = release_shared_100_unicode|Win32
		{34DC2545-936F-499F-9D3B-9079676EF15E}.release_shared_110_mbcs|Win32.ActiveCfg = release_shared_110_mbcs|Win32
		{34DC2545-936F-499F-9D3B-9079676EF15E}.release_shared_110_mbcs|Win32.Build.0 = release_shared_110_mbcs|Win32
		{34DC2545-936F-499F-9D3B-9079676EF15E}.release_shared_110_unicode|Win32.ActiveCfg = release_shared_110_unicode|Win32
		{34DC2545-936F-499F-9D3B-9079676EF15E}.release_shared_110_unicode|Win32.Build.0 = release_shared_110_unicode|Win32
		{34DC2545-936F-499F-9D3B-9079676EF15E}.release_shared_110_xp_mbcs|Win32.ActiveCfg = release_shared_110_xp_mbcs|Win32
		{34DC2545-936F-499F-9D3B-9079676EF15E}.release_shared_110_xp_mbcs|Win32.Build.0 = release_shared_110_xp_mbcs|Win32
		{34DC2545-936F-499F-9D3B-9079676EF15E}.release_shared_110_xp_unicode|Win32.ActiveCfg = release_shared_110_xp_unicode|Win32
		{34DC2545-936F-499F-9D3B-9079676EF15E}.release_shared_110_xp_unicode|Win32.Build.0 = release_shared_110_xp_unicode|Win32
		{34DC2545-936F-499F-9D3B-9079676EF15E}.release_shared_120_mbcs|Win32.ActiveCfg = release_shared_120_mbcs|Win32
		{34DC2545-936F-499F-9D3B-9079676EF15E}.release_shared_120_mbcs|Win32.Build.0 = release_shared_120_mbcs|Win32
		{34DC2545-936F-499F-9D3B-9079676EF15E}.release_shared_120_unicode|Win32.ActiveCfg = release_shared_120_unicode|Win32
		{34DC2545-936F-499F-9D3B-9079676EF15E}.release_shared_120_unicode|Win32.Build.0 = release_shared_120_unicode|Win32
		{34DC2545-936F-499F-9D3B-9079676EF15E}.release_shared_120_xp_mbcs|Win32.ActiveCfg = release_shared_120_xp_mbcs|Win32
		{34DC2545-936F-499F-9D3B-9079676EF15E}.release_shared_120_xp_mbcs|Win32.Build.0 = release_shared_120_xp_mbcs|Win32
		{34DC2545-936F-499F-9D3B-9079676EF15E}.release_shared_120_xp_unicode|Win32.ActiveCfg = release_shared_120_xp_unicode|Win32
		{34DC2545-936F-499F-9D3B-9079676EF15E}.release_shared_120_xp_unicode|Win32.Build.0 = release_shared_120_xp_unicode|Win32
		{34DC2545-936F-499F-9D3B-9079676EF15E}.release_shared_140_mbcs|Win32.ActiveCfg = release_shared_140_mbcs|Win32
		{34DC2545-936F-499F-9D3B-9079676EF15E}.release_shared_140_mbcs|Win32.Build.0 = release_shared_140_mbcs|Win32
		{34DC2545-936F-499F-9D3B-9079676EF15E}.release_shared_140_unicode|Win32.ActiveCfg = release_shared_140_unicode|Win32
		{34DC2545-936F-499F-9D3B-9079676EF15E}.release_shared_140_unicode|Win32.Build.0 = release_shared_140_unicode|Win32
		{34DC2545-936F-499F-9D3B-9079676EF15E}.release_shared_140_xp_mbcs|Win32.ActiveCfg = release_shared_140_xp_mbcs|Win32
		{34DC2545-936F-499F-9D3B-9079676EF15E}.release_shared_140_xp_mbcs|Win32.Build.0 = release_shared_140_xp_mbcs|Win32
		{34DC2545-936F-499F-9D3B-9079676EF15E}.release_shared_140_xp_unicode|Win32.ActiveCfg = release_shared_140_xp_unicode|Win32
		{34DC2545-936F-499F-9D3B-9079676EF15E}.release_shared_140_xp_unicode|Win32.Build.0 = release_shared_140_xp_unicode|Win32
		{34DC2545-936F-499F-9D3B-9079676EF15E}.release_shared_141_mbcs|Win32.ActiveCfg = release_shared_141_mbcs|Win32
		{34DC2545-936F-499F-9D3B-9079676EF15E}.release_shared_141_mbcs|Win32.Build.0 = release_shared_141_mbcs|Win32
		{34DC2545-936F-499F-9D3B-9079676EF15E}.release_shared_141_unicode|Win32.ActiveCfg = release_shared_141_unicode|Win32
		{34DC2545-936F-499F-9D3B-9079676EF15E}.release_shared_141_unicode|Win32.Build.0 = release_shared_141_unicode|Win32
		{34DC2545-936F-499F-9D3B-9079676EF15E}.release_shared_141_xp_mbcs|Win32.ActiveCfg = release_shared_141_xp_mbcs|Win32
		{34DC2545-936F-499F-9D3B-9079676EF15E}.release_shared_141_xp_mbcs|Win32.Build.0 = release_shared_141_xp_mbcs|Win32
		{34DC2545-936F-499F-9D3B-9079676EF15E}.release_shared_141_xp_unicode|Win32.ActiveCfg = release_shared_141_xp_unicode|Win32
		{34DC2545-936F-499F-9D3B-9079676EF15E}.release_shared_141_xp_unicode|Win32.Build.0 = release_shared_141_xp_unicode|Win32
		{34DC2545-936F-499F-9D3B-9079676EF15E}.release_shared_90_mbcs|Win32.ActiveCfg = release_shared_90_mbcs|Win32
		{34DC2545-936F-499F-9D3B-9079676EF15E}.release_shared_90_mbcs|Win32.Build.0 = release_shared_90_mbcs|Win32
		{34DC2545-936F-499F-9D3B-9079676EF15E}.release_shared_90_unicode|Win32.ActiveCfg = release_shared_90_unicode|Win32
		{34DC2545-936F-499F-9D3B-9079676EF15E}.release_shared_90_unicode|Win32.Build.0 = release_shared_90_unicode|Win32
		{34DC2545-936F-499F-9D3B-9079676EF15E}.release_static_md_100_mbcs|Win32.ActiveCfg = release_static_md_100_mbcs|Win32
		{34DC2545-936F-499F-9D3B-9079676EF15E}.release_static_md_100_mbcs|Win32.Build.0 = release_static_md_100_mbcs|Win32
		{34DC2545-936F-499F-9D3B-9079676EF15E}.release_static_md_100_unicode|Win32.ActiveCfg = release_static_md_100_unicode|Win32
		{34DC2545-936F-499F-9D3B-9079676EF15E}.release_static_md_100_unicode|Win32.Build.0 = release_static_md_100_unicode|Win32
		{34DC2545-936F-499F-9D3B-9079676EF15E}.release_static_md_110_mbcs|Win32.ActiveCfg = release_static_md_110_mbcs|Win32
		{34DC2545-936F-499F-9D3B-9079676EF15E}.release_static_md_110_mbcs|Win32.Build.0 = release_static_md_110_mbcs|Win32
		{34DC2545-936F-499F-9D3B-9079676EF15E}.release_static_md_110_unicode|Win32.ActiveCfg = release_static_md_110_unicode|Win32
		{34DC2545-936F-499F-9D3B-9079676EF15E}.release_static_md_110_unicode|Win32.Build.0 = release_static_md_110_unicode|Win32
		{34DC2545-936F-499F-9D3B-9079676EF15E}.release_static_md_110_xp_mbcs|Win32.ActiveCfg = release_static_md_110_xp_mbcs|Win32
		{34DC2545-936F-499F-9D3B-9079676EF15E}.release_static_md_110_xp_mbcs|Win32.Build.0 = release_static_md_110_xp_mbcs|Win32
		{34DC2545-936F-499F-9D3B-9079676EF15E}.release_static_md_110_xp_unicode|Win32.ActiveCfg = release_static_md_110_xp_unicode|Win32
		{34DC2545-936F-499F-9D3B-9079676EF15E}.release_static_md_110_xp_unicode|Win32.Build.0 = release_static_md_110_xp_unicode|Win32
		{34DC2545-936F-499F-9D3B-9079676EF15E}.release_static_md_120_mbcs|Win32.ActiveCfg = release_static_md_120_mbcs|Win32
		{34DC2545-936F-499F-9D3B-9079676EF15E}.release_static_md_120_mbcs|Win32.Build.0 = release_static_md_120_mbcs|Win32
		{34DC2545-936F-499F-9D3B-9079676EF15E}.release_static_md_120_unicode|Win32.ActiveCfg = release_static_md_120_unicode|Win32
		{34DC2545-936F-499F-9D3B-9079676EF15E}.release_static_md_120_unicode|Win32.Build.0 = release_static_md_120_unicode|Win32
		{34DC2545-936F-499F-9D3B-9079676EF15E}.release_static_md_120_xp_mbcs|Win32.ActiveCfg = release_static_md_120_xp_mbcs|Win32
		{34DC2545-936F-499F-9D3B-9079676EF15E}.release_static_md_120_xp_mbcs|Win32.Build.0 = release_static_md_120_xp_mbcs|Win32
		{34DC2545-936F-499F-9D3B-9079676EF15E}.release_static_md_120_xp_unicode|Win32.ActiveCfg = release_static_md_120_xp_unicode|Win32
		{34DC2545-936F-499F-9D3B-9079676EF15E}.release_static_md_120_xp_unicode|Win32.Build.0 = release_static_md_120_xp_unicode|Win32
		{34DC2545-936F-499F-9D3B-9079676EF15E}.release_static_md_140_mbcs|Win32.ActiveCfg = release_static_md_140_mbcs|Win32
		{34DC2545-936F-499F-9D3B-9079676EF15E}.release_static_md_140_mbcs|Win32.Build.0 = release_static_md_140_mbcs|Win32
		{34DC2545-936F-499F-9D3B-9079676EF15E}.release_static_md_140_unicode|Win32.ActiveCfg = release_static_md_140_unicode|Win32
		{34DC2545-936F-499F-9D3B-9079676EF15E}.release_static_md_140_unicode|Win32.Build.0 = release_static_md_140_unicode|Win32
		{34DC2545-936F-499F-9D3B-9079676EF15E}.release_static_md_140_xp_mbcs|Win32.ActiveCfg = release_static_md_140_xp_mbcs|Win32
		{34DC2545-936F-499F-9D3B-9079676EF15E}.release_static_md_140_xp_mbcs|Win32.Build.0 = release_static_md_140_xp_mbcs|Win32
		{34DC2545-936F-499F-9D3B-9079676EF15E}.release_static_md_140_xp_unicode|Win32.ActiveCfg = release_static_md_140_xp_unicode|Win32
		{34DC2545-936F-499F-9D3B-9079676EF15E}.release_static_md_140_xp_unicode|Win32.Build.0 = release_static_md_140_xp_unicode|Win32
		{34DC2545-936F-499F-9D3B-9079676EF15E}.release_static_md_141_mbcs|Win32.ActiveCfg = release_static_md_141_mbcs|Win32
		{34DC2545-936F-499F-9D3B-9079676EF15E}.release_static_md_141_mbcs|Win32.Build.0 = release_static_md_141_mbcs|Win32
		{34DC2545-936F-499F-9D3B-9079676EF15E}.release_static_md_141_unicode|Win32.ActiveCfg = release_static_md_141_unicode|Win32
		{34DC2545-936F-499F-9D3B-9079676EF15E}.release_static_md_141_unicode|Win32.Build.0 = release_static_md_141_unicode|Win32
		{34DC2545-936F-499F-9D3B-9079676EF15E}.release_static_md_141_xp_mbcs|Win32.ActiveCfg = release_static_md_141_xp_mbcs|Win32
		{34DC2545-936F-499F-9D3B-9079676EF15E}.release_static_md_141_xp_mbcs|Win32.Build.0 = release_static_md_141_xp_mbcs|Win32
		{34DC2545-936F-499F-9D3B-9079676EF15E}.release_static_md_141_xp_unicode|Win32.ActiveCfg = release_static_md_141_xp_unicode|Win32
		{34DC2545-936F-499F-9D3B-9079676EF15E}.release_static_md_141_xp_unicode|Win32.Build.0 = release_static_md_141_xp_unicode|Win32
		{34DC2545-936F-499F-9D3B-9079676EF15E}.release_static_md_90_mbcs|Win32.ActiveCfg = release_static_md_90_mbcs|Win32
		{34DC2545-936F-499F-9D3B-9079676EF15E}.release_static_md_90_mbcs|Win32.Build.0 = release_static_md_90_mbcs|Win32
		{34DC2545-936F-499F-9D3B-9079676EF15E}.release_static_md_90_unicode|Win32.ActiveCfg = release_static_md_90_unicode|Win32
		{34DC2545-936F-499F-9D3B-9079676EF15E}.release_static_md_90_unicode|Win32.Build.0 = release_static_md_90_unicode|Win32
		{34DC2545-936F-499F-9D3B-9079676EF15E}.release_static_mt_100_mbcs|Win32.ActiveCfg = release_static_mt_100_mbcs|Win32
		{34DC2545-936F-499F-9D3B-9079676EF15E}.release_static_mt_100_mbcs|Win32.Build.0 = release_static_mt_100_mbcs|Win32
		{34DC2545-936F-499F-9D3B-9079676EF15E}.release_static_mt_100_unicode|Win32.ActiveCfg = release_static_mt_100_unicode|Win32
		{34DC2545-936F-499F-9D3B-9079676EF15E}.release_static_mt_100_unicode|Win32.Build.0 = release_static_mt_100_unicode|Win32
		{34DC2545-936F-499F-9D3B-9079676EF15E}.release_static_mt_110_mbcs|Win32.ActiveCfg = release_static_mt_110_mbcs|Win32
		{34DC2545-936F-499F-9D3B-9079676EF15E}.release_static_mt_110_mbcs|Win32.Build.0 = release_static_mt_110_mbcs|Win32
		{34DC2545-936F-499F-9D3B-9079676EF15E}.release_static_mt_110_unicode|Win32.ActiveCfg = release_static_mt_110_unicode|Win32
		{34DC2545-936F-499F-9D3B-9079676EF15E}.release_static_mt_110_unicode|Win32.Build.0 = release_static_mt_110_unicode|Win32
		{34DC2545-936F-499F-9D3B-9079676EF15E}.release_static_mt_110_xp_mbcs|Win32.ActiveCfg = release_static_mt_110_xp_mbcs|Win32
		{34DC2545-936F-499F-9D3B-9079676EF15E}.release_static_mt_110_xp_mbcs|Win32.Build.0 = release_static_mt_110_xp_mbcs|Win32
		{34DC2545-936F-499F-9D3B-9079676EF15E}.release_static_mt_110_xp_unicode|Win32.ActiveCfg = release_static_mt_110_xp_unicode|Win32
		{34DC2545-936F-499F-9D3B-9079676EF15E}.release_static_mt_110_xp_unicode|Win32.Build.0 = release_static_mt_110_xp_unicode|Win32
		{34DC2545-936F-499F-9D3B-9079676EF15E}.release_static_mt_120_mbcs|Win32.ActiveCfg = release_static_mt_120_mbcs|Win32
		{34DC2545-936F-499F-9D3B-9079676EF15E}.release_static_mt_120_mbcs|Win32.Build.0 = release_static_mt_120_mbcs|Win32
		{34DC2545-936F-499F-9D3B-9079676EF15E}.release_static_mt_120_unicode|Win32.ActiveCfg = release_static_mt_120_unicode|Win32
		{34DC2545-936F-499F-9D3B-9079676EF15E}.release_static_mt_120_unicode|Win32.Build.0 = release_static_mt_120_unicode|Win32
		{34DC2545-936F-499F-9D3B-9079676EF15E}.release_static_mt_120_xp_mbcs|Win32.ActiveCfg = release_static_mt_120_xp_mbcs|Win32
		{34DC2545-936F-499F-9D3B-9079676EF15E}.release_static_mt_120_xp_mbcs|Win32.Build.0 = release_static_mt_120_xp_mbcs|Win32
		{34DC2545-936F-499F-9D3B-9079676EF15E}.release_static_mt_120_xp_unicode|Win32.ActiveCfg = release_static_mt_120_xp_unicode|Win32
		{34DC2545-936F-499F-9D3B-9079676EF15E}.release_static_mt_120_xp_unicode|Win32.Build.0 = release_static_mt_120_xp_unicode|Win32
		{34DC2545-936F-499F-9D3B-9079676EF15E}.release_static_mt_140_mbcs|Win32.ActiveCfg = release_static_mt_140_mbcs|Win32
		{34DC2545-936F-499F-9D3B-9079676EF15E}.release_static_mt_140_mbcs|Win32.Build.0 = release_static_mt_140_mbcs|Win32
		{34DC2545-936F-499F-9D3B-9079676EF15E}.release_static_mt_140_unicode|Win32.ActiveCfg = release_static_mt_140_unicode|Win32
		{34DC2545-936F-499F-9D3B-9079676EF15E}.release_static_mt_140_unicode|Win32.Build.0 = release_static_mt_140_unicode|Win32
		{34DC2545-936F-499F-9D3B-9079676EF15E}.release_static_mt_140_xp_mbcs|Win32.ActiveCfg = release_static_mt_140_xp_mbcs|Win32
		{34DC2545-936F-499F-9D3B-9079676EF15E}.release_static_mt_140_xp_mbcs|Win32.Build.0 = release_static_mt_140_xp_mbcs|Win32
		{34DC2545-936F-499F-9D3B-9079676EF15E}.release_static_mt_140_xp_unicode|Win32.ActiveCfg = release_static_mt_140_xp_unicode|Win32
		{34DC2545-936F-499F-9D3B-9079676EF15E}.release_static_mt_140_xp_unicode|Win32.Build.0 = release_static_mt_140_xp_unicode|Win32
		{34DC2545-936F-499F-9D3B-9079676EF15E}.release_static_mt_141_mbcs|Win32.ActiveCfg = release_static_mt_141_mbcs|Win32
		{34DC2545-936F-499F-9D3B-9079676EF15E}.release_static_mt_141_mbcs|Win32.Build.0 = release_static_mt_141_mbcs|Win32
		{34DC2545-936F-499F-9D3B-9079676EF15E}.release_static_mt_141_unicode|Win32.ActiveCfg = release_static_mt_141_unicode|Win32
		{34DC2545-936F-499F-9D3B-9079676EF15E}.release_static_mt_141_unicode|Win32.Build.0 = release_static_mt_141_unicode|Win32
		{34DC2545-936F-499F-9D3B-9079676EF15E}.release_static_mt_141_xp_mbcs|Win32.ActiveCfg = release_static_mt_141_xp_mbcs|Win32
		{34DC2545-936F-499F-9D3B-9079676EF15E}.release_static_mt_141_xp_mbcs|Win32.Build.0 = release_static_mt_141_xp_mbcs|Win32
		{34DC2545-936F-499F-9D3B-9079676EF15E}.release_static_mt_141_xp_unicode|Win32.ActiveCfg = release_static_mt_141_xp_unicode|Win32
		{34DC2545-936F-499F-9D3B-9079676EF15E}.release_static_mt_141_xp_unicode|Win32.Build.0 = release_static_mt_141_xp_unicode|Win32
		{34DC2545-936F-499F-9D3B-9079676EF15E}.release_static_mt_90_mbcs|Win32.ActiveCfg = release_static_mt_90_mbcs|Win32
		{34DC2545-936F-499F-9D3B-9079676EF15E}.release_static_mt_90_mbcs|Win32.Build.0 = release_static_mt_90_mbcs|Win32
		{34DC2545-936F-499F-9D3B-9079676EF15E}.release_static_mt_90_unicode|Win32.ActiveCfg = release_static_mt_90_unicode|Win32
		{34DC2545-936F-499F-9D3B-9079676EF15E}.release_static_mt_90_unicode|Win32.Build.0 = release_static_mt_90_unicode|Win32
		{744F00FE-6630-4F24-AC66-91D2A3241755}.debug_shared_100_mbcs|Win32.ActiveCfg = debug_shared|Win32
		{744F00FE-6630-4F24-AC66-91D2A3241755}.debug_shared_100_mbcs|Win32.Build.0 = debug_shared|Win32
		{744F00FE-6630-4F24-AC66-91D2A3241755}.debug_shared_100_unicode|Win32.ActiveCfg = debug_shared|Win32
		{744F00FE-6630-4F24-AC66-91D2A3241755}.debug_shared_100_unicode|Win32.Build.0 = debug_shared|Win32
		{744F00FE-6630-4F24-AC66-91D2A3241755}.debug_shared_110_mbcs|Win32.ActiveCfg = debug_shared|Win32
		{744F00FE-6630-4F24-AC66-91D2A3241755}.debug_shared_110_mbcs|Win32.Build.0 = debug_shared|Win32
		{744F00FE-6630-4F24-AC66-91D2A3241755}.debug_shared_110_unicode|Win32.ActiveCfg = debug_shared|Win32
		{744F00FE-6630-4F24-AC66-91D2A3241755}.debug_shared_110_unicode|Win32.Build.0 = debug_shared|Win32
		{744F00FE-6630-4F24-AC66-91D2A3241755}.debug_shared_110_xp_mbcs|Win32.ActiveCfg = debug_shared|Win32
		{744F00FE-6630-4F24-AC66-91D2A3241755}.debug_shared_110_xp_mbcs|Win32.Build.0 = debug_shared|Win32
		{744F00FE-6630-4F24-AC66-91D2A3241755}.debug_shared_110_xp_unicode|Win32.ActiveCfg = debug_shared|Win32
		{744F00FE-6630-4F24-AC66-91D2A3241755}.debug_shared_110_xp_unicode|Win32.Build.0 = debug_shared|Win32
		{744F00FE-6630-4F24-AC66-91D2A3241755}.debug_shared_120_mbcs|Win32.ActiveCfg = debug_shared|Win32
		{744F00FE-6630-4F24-AC66-91D2A3241755}.debug_shared_120_mbcs|Win32.Build.0 = debug_shared|Win32
		{744F00FE-6630-4F24-AC66-91D2A3241755}.debug_shared_120_unicode|Win32.ActiveCfg = debug_shared|Win32
		{744F00FE-6630-4F24-AC66-91D2A3241755}.debug_shared_120_unicode|Win32.Build.0 = debug_shared|Win32
		{744F00FE-6630-4F24-AC66-91D2A3241755}.debug_shared_120_xp_mbcs|Win32.ActiveCfg = debug_shared|Win32
		{744F00FE-6630-4F24-AC66-91D2A3241755}.debug_shared_120_xp_mbcs|Win32.Build.0 = debug_shared|Win32
		{744F00FE-6630-4F24-AC66-91D2A3241755}.debug_shared_120_xp_unicode|Win32.ActiveCfg = debug_shared|Win32
		{744F00FE-6630-4F24-AC66-91D2A3241755}.debug_shared_120_xp_unicode|Win32.Build.0 = debug_shared|Win32
		{744F00FE-6630-4F24-AC66-91D2A3241755}.debug_shared_140_mbcs|Win32.ActiveCfg = debug_shared|Win32
		{744F00FE-6630-4F24-AC66-91D2A3241755}.debug_shared_140_mbcs|Win32.Build.0 = debug_shared|Win32
		{744F00FE-6630-4F24-AC66-91D2A3241755}.debug_shared_140_unicode|Win32.ActiveCfg = debug_shared|Win32
		{744F00FE-6630-4F24-AC66-91D2A3241755}.debug_shared_140_unicode|Win32.Build.0 = debug_shared|Win32
		{744F00FE-6630-4F24-AC66-91D2A3241755}.debug_shared_140_xp_mbcs|Win32.ActiveCfg = debug_shared|Win32
		{744F00FE-6630-4F24-AC66-91D2A3241755}.debug_shared_140_xp_mbcs|Win32.Build.0 = debug_shared|Win32
		{744F00FE-6630-4F24-AC66-91D2A3241755}.debug_shared_140_xp_unicode|Win32.ActiveCfg = debug_shared|Win32
		{744F00FE-6630-4F24-AC66-91D2A3241755}.debug_shared_140_xp_unicode|Win32.Build.0 = debug_shared|Win32
		{744F00FE-6630-4F24-AC66-91D2A3241755}.debug_shared_141_mbcs|Win32.ActiveCfg = debug_shared|Win32
		{744F00FE-6630-4F24-AC66-91D2A3241755}.debug_shared_141_mbcs|Win32.Build.0 = debug_shared|Win32
		{744F00FE-6630-4F24-AC66-91D2A3241755}.debug_shared_141_unicode|Win32.ActiveCfg = debug_shared|Win32
		{744F00FE-6630-4F24-AC66-91D2A3241755}.debug_shared_141_unicode|Win32.Build.0 = debug_shared|Win32
		{744F00FE-6630-4F24-AC66-91D2A3241755}.debug_shared_141_xp_mbcs|Win32.ActiveCfg = debug_shared|Win32
		{744F00FE-6630-4F24-AC66-91D2A3241755}.debug_shared_141_xp_mbcs|Win32.Build.0 = debug_shared|Win32
		{744F00FE-6630-4F24-AC66-91D2A3241755}.debug_shared_141_xp_unicode|Win32.ActiveCfg = debug_shared|Win32
		{744F00FE-6630-4F24-AC66-91D2A3241755}.debug_shared_141_xp_unicode|Win32.Build.0 = debug_shared|Win32
		{744F00FE-6630-4F24-AC66-91D2A3241755}.debug_shared_90_mbcs|Win32.ActiveCfg = debug_shared|Win32
		{744F00FE-6630-4F24-AC66-91D2A3241755}.debug_shared_90_mbcs|Win32.Build.0 = debug_shared|Win32
		{744F00FE-6630-4F24-AC66-91D2A3241755}.debug_shared_90_unicode|Win32.ActiveCfg = debug_shared|Win32
		{744F00FE-6630-4F24-AC66-91D2A3241755}.debug_shared_90_unicode|Win32.Build.0 = debug_shared|Win32
		{744F00FE-6630-4F24-AC66-91D2A3241755}.debug_static_md_100_mbcs|Win32.ActiveCfg = debug_static_md|Win32
		{744F00FE-6630-4F24-AC66-91D2A3241755}.debug_static_md_100_mbcs|Win32.Build.0 = debug_static_md|Win32
		{744F00FE-6630-4F24-AC66-91D2A3241755}.debug_static_md_100_unicode|Win32.ActiveCfg = debug_static_md|Win32
		{744F00FE-6630-4F24-AC66-91D2A3241755}.debug_static_md_100_unicode|Win32.Build.0 = debug_static_md|Win32
		{744F00FE-6630-4F24-AC66-91D2A3241755}.debug_static_md_110_mbcs|Win32.ActiveCfg = debug_static_md|Win32
		{744F00FE-6630-4F24-AC66-91D2A3241755}.debug_static_md_110_mbcs|Win32.Build.0 = debug_static_md|Win32
		{744F00FE-6630-4F24-AC66-91D2A3241755}.debug_static_md_110_unicode|Win32.ActiveCfg = debug_static_md|Win32
		{744F00FE-6630-4F24-AC66-91D2A3241755}.debug_static_md_110_unicode|Win32.Build.0 = debug_static_md|Win32
		{744F00FE-6630-4F24-AC66-91D2A3241755}.debug_static_md_110_xp_mbcs|Win32.ActiveCfg = debug_static_md|Win32
		{744F00FE-6630-4F24-AC66-91D2A3241755}.debug_static_md_110_xp_mbcs|Win32.Build.0 = debug_static_md|Win32
		{744F00FE-6630-4F24-AC66-91D2A3241755}.debug_static_md_110_xp_unicode|Win32.ActiveCfg = debug_static_md|Win32
		{744F00FE-6630-4F24-AC66-91D2A3241755}.debug_static_md_110_xp_unicode|Win32.Build.0 = debug_static_md|Win32
		{744F00FE-6630-4F24-AC66-91D2A3241755}.debug_static_md_120_mbcs|Win32.ActiveCfg = debug_static_md|Win32
		{744F00FE-6630-4F24-AC66-91D2A3241755}.debug_static_md_120_mbcs|Win32.Build.0 = debug_static_md|Win32
		{744F00FE-6630-4F24-AC66-91D2A3241755}.debug_static_md_120_unicode|Win32.ActiveCfg = debug_static_md|Win32
		{744F00FE-6630-4F24-AC66-91D2A3241755}.debug_static_md_120_unicode|Win32.Build.0 = debug_static_md|Win32
		{744F00FE-6630-4F24-AC66-91D2A3241755}.debug_static_md_120_xp_mbcs|Win32.ActiveCfg = debug_static_md|Win32
		{744F00FE-6630-4F24-AC66-91D2A3241755}.debug_static_md_120_xp_mbcs|Win32.Build.0 = debug_static_md|Win32
		{744F00FE-6630-4F24-AC66-91D2A3241755}.debug_static_md_120_xp_unicode|Win32.ActiveCfg = debug_static_md|Win32
		{744F00FE-6630-4F24-AC66-91D2A3241755}.debug_static_md_120_xp_unicode|Win32.Build.0 = debug_static_md|Win32
		{744F00FE-6630-4F24-AC66-91D2A3241755}.debug_static_md_140_mbcs|Win32.ActiveCfg = debug_static_md|Win32
		{744F00FE-6630-4F24-AC66-91D2A3241755}.debug_static_md_140_mbcs|Win32.Build.0 = debug_static_md|Win32
		{744F00FE-6630-4F24-AC66-91D2A3241755}.debug_static_md_140_unicode|Win32.ActiveCfg = debug_static_md|Win32
		{744F00FE-6630-4F24-AC66-91D2A3241755}.debug_static_md_140_unicode|Win32.Build.0 = debug_static_md|Win32
		{744F00FE-6630-4F24-AC66-91D2A3241755}.debug_static_md_140_xp_mbcs|Win32.ActiveCfg = debug_static_md|Win32
		{744F00FE-6630-4F24-AC66-91D2A3241755}.debug_static_md_140_xp_mbcs|Win32.Build.0 = debug_static_md|Win32
		{744F00FE-6630-4F24-AC66-91D2A3241755}.debug_static_md_140_xp_unicode|Win32.ActiveCfg = debug_static_md|Win32
		{744F00FE-6630-4F24-AC66-91D2A3241755}.debug_static_md_140_xp_unicode|Win32.Build.0 = debug_static_md|Win32
		{744F00FE-6630-4F24-AC66-91D2A3241755}.debug_static_md_141_mbcs|Win32.ActiveCfg = debug_static_md|Win32
		{744F00FE-6630-4F24-AC66-91D2A3241755}.debug_static_md_141_mbcs|Win32.Build.0 = debug_static_md|Win32
		{744F00FE-6630-4F24-AC66-91D2A3241755}.debug_static_md_141_unicode|Win32.ActiveCfg = debug_static_md|Win32
		{744F00FE-6630-4F24-AC66-91D2A3241755}.debug_static_md_141_unicode|Win32.Build.0 = debug_static_md|Win32
		{744F00FE-6630-4F24-AC66-91D2A3241755}.debug_static_md_141_xp_mbcs|Win32.ActiveCfg = debug_static_md|Win32
		{744F00FE-6630-4F24-AC66-91D2A3241755}.debug_static_md_141_xp_mbcs|Win32.Build.0 = debug_static_md|Win32
		{744F00FE-6630-4F24-AC66-91D2A3241755}.debug_static_md_141_xp_unicode|Win32.ActiveCfg = debug_static_md|Win32
		{744F00FE-6630-4F24-AC66-91D2A3241755}.debug_static_md_141_xp_unicode|Win32.Build.0 = debug_static_md|Win32
		{744F00FE-6630-4F24-AC66-91D2A3241755}.debug_static_md_90_mbcs|Win32.ActiveCfg = debug_static_md|Win32
		{744F00FE-6630-4F24-AC66-91D2A3241755}.debug_static_md_90_mbcs|Win32.Build.0 = debug_static_md|Win32
		{744F00FE-6630-4F24-AC66-91D2A3241755}.debug_static_md_90_unicode|Win32.ActiveCfg = debug_static_md|Win32
		{744F00FE-6630-4F24-AC66-91D2A3241755}.debug_static_md_90_unicode|Win32.Build.0 = debug_static_md|Win32
		{744F00FE-6630-4F24-AC66-91D2A3241755}.debug_static_mt_100_mbcs|Win32.ActiveCfg = debug_static_mt|Win32
		{744F00FE-6630-4F24-AC66-91D2A3241755}.debug_static_mt_100_mbcs|Win32.Build.0 = debug_static_mt|Win32
		{744F00FE-6630-4F24-AC66-91D2A3241755}.debug_static_mt_100_unicode|Win32.ActiveCfg = debug_static_mt|Win32
		{744F00FE-6630-4F24-AC66-91D2A3241755}.debug_static_mt_100_unicode|Win32.Build.0 = debug_static_mt|Win32
		{744F00FE-6630-4F24-AC66-91D2A3241755}.debug_static_mt_110_mbcs|Win32.ActiveCfg = debug_static_mt|Win32
		{744F00FE-6630-4F24-AC66-91D2A3241755}.debug_static_mt_110_mbcs|Win32.Build.0 = debug_static_mt|Win32
		{744F00FE-6630-4F24-AC66-91D2A3241755}.debug_static_mt_110_unicode|Win32.ActiveCfg = debug_static_mt|Win32
		{744F00FE-6630-4F24-AC66-91D2A3241755}.debug_static_mt_110_unicode|Win32.Build.0 = debug_static_mt|Win32
		{744F00FE-6630-4F24-AC66-91D2A3241755}.debug_static_mt_110_xp_mbcs|Win32.ActiveCfg = debug_static_mt|Win32
		{744F00FE-6630-4F24-AC66-91D2A3241755}.debug_static_mt_110_xp_mbcs|Win32.Build.0 = debug_static_mt|Win32
		{744F00FE-6630-4F24-AC66-91D2A3241755}.debug_static_mt_110_xp_unicode|Win32.ActiveCfg = debug_static_mt|Win32
		{744F00FE-6630-4F24-AC66-91D2A3241755}.debug_static_mt_110_xp_unicode|Win32.Build.0 = debug_static_mt|Win32
		{744F00FE-6630-4F24-AC66-91D2A3241755}.debug_static_mt_120_mbcs|Win32.ActiveCfg = debug_static_mt|Win32
		{744F00FE-6630-4F24-AC66-91D2A3241755}.debug_static_mt_120_mbcs|Win32.Build.0 = debug_static_mt|Win32
		{744F00FE-6630-4F24-AC66-91D2A3241755}.debug_static_mt_120_unicode|Win32.ActiveCfg = debug_static_mt|Win32
		{744F00FE-6630-4F24-AC66-91D2A3241755}.debug_static_mt_120_unicode|Win32.Build.0 = debug_static_mt|Win32
		{744F00FE-6630-4F24-AC66-91D2A3241755}.debug_static_mt_120_xp_mbcs|Win32.ActiveCfg = debug_static_mt|Win32
		{744F00FE-6630-4F24-AC66-91D2A3241755}.debug_static_mt_120_xp_mbcs|Win32.Build.0 = debug_static_mt|Win32
		{744F00FE-6630-4F24-AC66-91D2A3241755}.debug_static_mt_120_xp_unicode|Win32.ActiveCfg = debug_static_mt|Win32
		{744F00FE-6630-4F24-AC66-91D2A3241755}.debug_static_mt_120_xp_unicode|Win32.Build.0 = debug_static_mt|Win32
		{744F00FE-6630-4F24-AC66-91D2A3241755}.debug_static_mt_140_mbcs|Win32.ActiveCfg = debug_static_mt|Win32
		{744F00FE-6630-4F24-AC66-91D2A3241755}.debug_static_mt_140_mbcs|Win32.Build.0 = debug_static_mt|Win32
		{744F00FE-6630-4F24-AC66-91D2A3241755}.debug_static_mt_140_unicode|Win32.ActiveCfg = debug_static_mt|Win32
		{744F00FE-6630-4F24-AC66-91D2A3241755}.debug_static_mt_140_unicode|Win32.Build.0 = debug_static_mt|Win32
		{744F00FE-6630-4F24-AC66-91D2A3241755}.debug_static_mt_140_xp_mbcs|Win32.ActiveCfg = debug_static_mt|Win32
		{744F00FE-6630-4F24-AC66-91D2A3241755}.debug_static_mt_140_xp_mbcs|Win32.Build.0 = debug_static_mt|Win32
		{744F00FE-6630-4F24-AC66-91D2A3241755}.debug_static_mt_140_xp_unicode|Win32.ActiveCfg = debug_static_mt|Win32
		{744F00FE-6630-4F24-AC66-91D2A3241755}.debug_static_mt_140_xp_unicode|Win32.Build.0 = debug_static_mt|Win32
		{744F00FE-6630-4F24-AC66-91D2A3241755}.debug_static_mt_141_mbcs|Win32.ActiveCfg = debug_static_mt|Win32
		{744F00FE-6630-4F24-AC66-91D2A3241755}.debug_static_mt_141_mbcs|Win32.Build.0 = debug_static_mt|Win32
		{744F00FE-6630-4F24-AC66-91D2A3241755}.debug_static_mt_141_unicode|Win32.ActiveCfg = debug_static_mt|Win32
		{744F00FE-6630-4F24-AC66-91D2A3241755}.debug_static_mt_141_unicode|Win32.Build.0 = debug_static_mt|Win32
		{744F00FE-6630-4F24-AC66-91D2A3241755}.debug_static_mt_141_xp_mbcs|Win32.ActiveCfg = debug_static_mt|Win32
		{744F00FE-6630-4F24-AC66-91D2A3241755}.debug_static_mt_141_xp_mbcs|Win32.Build.0 = debug_static_mt|Win32
		{744F00FE-6630-4F24-AC66-91D2A3241755}.debug_static_mt_141_xp_unicode|Win32.ActiveCfg = debug_static_mt|Win32
		{744F00FE-6630-4F24-AC66-91D2A3241755}.debug_static_mt_141_xp_unicode|Win32.Build.0 = debug_static_mt|Win32
		{744F00FE-6630-4F24-AC66-91D2A3241755}.debug_static_mt_90_mbcs|Win32.ActiveCfg = debug_static_mt|Win32
		{744F00FE-6630-4F24-AC66-91D2A3241755}.debug_static_mt_90_mbcs|Win32.Build.0 = debug_static_mt|Win32
		{744F00FE-6630-4F24-AC66-91D2A3241755}.debug_static_mt_90_unicode|Win32.ActiveCfg = debug_static_mt|Win32
		{744F00FE-6630-4F24-AC66-91D2A3241755}.debug_static_mt_90_unicode|Win32.Build.0 = debug_static_mt|Win32
		{744F00FE-6630-4F24-AC66-91D2A3241755}.release_shared_100_mbcs|Win32.ActiveCfg = release_shared|Win32
		{744F00FE-6630-4F24-AC66-91D2A3241755}.release_shared_100_mbcs|Win32.Build.0 = release_shared|Win32
		{744F00FE-6630-4F24-AC66-91D2A3241755}.release_shared_100_unicode|Win32.ActiveCfg = release_shared|Win32
		{744F00FE-6630-4F24-AC66-91D2A3241755}.release_shared_100_unicode|Win32.Build.0 = release_shared|Win32
		{744F00FE-6630-4F24-AC66-91D2A3241755}.release_shared_110_mbcs|Win32.ActiveCfg = release_shared|Win32
		{744F00FE-6630-4F24-AC66-91D2A3241755}.release_shared_110_mbcs|Win32.Build.0 = release_shared|Win32
		{744F00FE-6630-4F24-AC66-91D2A3241755}.release_shared_110_unicode|Win32.ActiveCfg = release_shared|Win32
		{744F00FE-6630-4F24-AC66-91D2A3241755}.release_shared_110_unicode|Win32.Build.0 = release_shared|Win32
		{744F00FE-6630-4F24-AC66-91D2A3241755}.release_shared_110_xp_mbcs|Win32.ActiveCfg = release_shared|Win32
		{744F00FE-6630-4F24-AC66-91D2A3241755}.release_shared_110_xp_mbcs|Win32.Build.0 = release_shared|Win32
		{744F00FE-6630-4F24-AC66-91D2A3241755}.release_shared_110_xp_unicode|Win32.ActiveCfg = release_shared|Win32
		{744F00FE-6630-4F24-AC66-91D2A3241755}.release_shared_110_xp_unicode|Win32.Build.0 = release_shared|Win32
		{744F00FE-6630-4F24-AC66-91D2A3241755}.release_shared_120_mbcs|Win32.ActiveCfg = release_shared|Win32
		{744F00FE-6630-4F24-AC66-91D2A3241755}.release_shared_120_mbcs|Win32.Build.0 = release_shared|Win32
		{744F00FE-6630-4F24-AC66-91D2A3241755}.release_shared_120_unicode|Win32.ActiveCfg = release_shared|Win32
		{744F00FE-6630-4F24-AC66-91D2A3241755}.release_shared_120_unicode|Win32.Build.0 = release_shared|Win32
		{744F00FE-6630-4F24-AC66-91D2A3241755}.release_shared_120_xp_mbcs|Win32.ActiveCfg = release_shared|Win32
		{744F00FE-6630-4F24-AC66-91D2A3241755}.release_shared_120_xp_mbcs|Win32.Build.0 = release_shared|Win32
		{744F00FE-6630-4F24-AC66-91D2A3241755}.release_shared_120_xp_unicode|Win32.ActiveCfg = release_shared|Win32
		{744F00FE-6630-4F24-AC66-91D2A3241755}.release_shared_120_xp_unicode|Win32.Build.0 = release_shared|Win32
		{744F00FE-6630-4F24-AC66-91D2A3241755}.release_shared_140_mbcs|Win32.ActiveCfg = release_shared|Win32
		{744F00FE-6630-4F24-AC66-91D2A3241755}.release_shared_140_mbcs|Win32.Build.0 = release_shared|Win32
		{744F00FE-6630-4F24-AC66-91D2A3241755}.release_shared_140_unicode|Win32.ActiveCfg = release_shared|Win32
		{744F00FE-6630-4F24-AC66-91D2A3241755}.release_shared_140_unicode|Win32.Build.0 = release_shared|Win32
		{744F00FE-6630-4F24-AC66-91D2A3241755}.release_shared_140_xp_mbcs|Win32.ActiveCfg = release_shared|Win32
		{744F00FE-6630-4F24-AC66-91D2A3241755}.release_shared_140_xp_mbcs|Win32.Build.0 = release_shared|Win32
		{744F00FE-6630-4F24-AC66-91D2A3241755}.release_shared_140_xp_unicode|Win32.ActiveCfg = release_shared|Win32
		{744F00FE-6630-4F24-AC66-91D2A3241755}.release_shared_140_xp_unicode|Win32.Build.0 = release_shared|Win32
		{744F00FE-6630-4F24-AC66-91D2A3241755}.release_shared_141_mbcs|Win32.ActiveCfg = release_shared|Win32
		{744F00FE-6630-4F24-AC66-91D2A3241755}.release_shared_141_mbcs|Win32.Build.0 = release_shared|Win32
		{744F00FE-6630-4F24-AC66-91D2A3241755}.release_shared_141_unicode|Win32.ActiveCfg = release_shared|Win32
		{744F00FE-6630-4F24-AC66-91D2A3241755}.release_shared_141_unicode|Win32.Build.0 = release_shared|Win32
		{744F00FE-6630-4F24-AC66-91D2A3241755}.release_shared_141_xp_mbcs|Win32.ActiveCfg = release_shared|Win32
		{744F00FE-6630-4F24-AC66-91D2A3241755}.release_shared_141_xp_mbcs|Win32.Build.0 = release_shared|Win32
		{744F00FE-6630-4F24-AC66-91D2A3241755}.release_shared_141_xp_unicode|Win32.ActiveCfg = release_shared|Win32
		{744F00FE-6630-4F24-AC66-91D2A3241755}.release_shared_141_xp_unicode|Win32.Build.0 = release_shared|Win32
		{744F00FE-6630-4F24-AC66-91D2A3241755}.release_shared_90_mbcs|Win32.ActiveCfg = release_shared|Win32
		{744F00FE-6630-4F24-AC66-91D2A3241755}.release_shared_90_mbcs|Win32.Build.0 = release_shared|Win32
		{744F00FE-6630-4F24-AC66-91D2A3241755}.release_shared_90_unicode|Win32.ActiveCfg = release_shared|Win32
		{744F00FE-6630-4F24-AC66-91D2A3241755}.release_shared_90_unicode|Win32.Build.0 = release_shared|Win32
		{744F00FE-6630-4F24-AC66-91D2A3241755}.release_static_md_100_mbcs|Win32.ActiveCfg = release_static_md|Win32
		{744F00FE-6630-4F24-AC66-91D2A3241755}.release_static_md_100_mbcs|Win32.Build.0 = release_static_md|Win32
		{744F00FE-6630-4F24-AC66-91D2A3241755}.release_static_md_100_unicode|Win32.ActiveCfg = release_static_md|Win32
		{744F00FE-6630-4F24-AC66-91D2A3241755}.release_static_md_100_unicode|Win32.Build.0 = release_static_md|Win32
		{744F00FE-6630-4F24-AC66-91D2A3241755}.release_static_md_110_mbcs|Win32.ActiveCfg = release_static_md|Win32
		{744F00FE-6630-4F24-AC66-91D2A3241755}.release_static_md_110_mbcs|Win32.Build.0 = release_static_md|Win32
		{744F00FE-6630-4F24-AC66-91D2A3241755}.release_static_md_110_unicode|Win32.ActiveCfg = release_static_md|Win32
		{744F00FE-6630-4F24-AC66-91D2A3241755}.release_static_md_110_unicode|Win32.Build.0 = release_static_md|Win32
		{744F00FE-6630-4F24-AC66-91D2A3241755}.release_static_md_110_xp_mbcs|Win32.ActiveCfg = release_static_md|Win32
		{744F00FE-6630-4F24-AC66-91D2A3241755}.release_static_md_110_xp_mbcs|Win32.Build.0 = release_static_md|Win32
		{744F00FE-6630-4F24-AC66-91D2A3241755}.release_static_md_110_xp_unicode|Win32.ActiveCfg = release_static_md|Win32
		{744F00FE-6630-4F24-AC66-91D2A3241755}.release_static_md_110_xp_unicode|Win32.Build.0 = release_static_md|Win32
		{744F00FE-6630-4F24-AC66-91D2A3241755}.release_static_md_120_mbcs|Win32.ActiveCfg = release_static_md|Win32
		{744F00FE-6630-4F24-AC66-91D2A3241755}.release_static_md_120_mbcs|Win32.Build.0 = release_static_md|Win32
		{744F00FE-6630-4F24-AC66-91D2A3241755}.release_static_md_120_unicode|Win32.ActiveCfg = release_static_md|Win32
		{744F00FE-6630-4F24-AC66-91D2A3241755}.release_static_md_120_unicode|Win32.Build.0 = release_static_md|Win32
		{744F00FE-6630-4F24-AC66-91D2A3241755}.release_static_md_120_xp_mbcs|Win32.ActiveCfg = release_static_md|Win32
		{744F00FE-6630-4F24-AC66-91D2A3241755}.release_static_md_120_xp_mbcs|Win32.Build.0 = release_static_md|Win32
		{744F00FE-6630-4F24-AC66-91D2A3241755}.release_static_md_120_xp_unicode|Win32.ActiveCfg = release_static_md|Win32
		{744F00FE-6630-4F24-AC66-91D2A3241755}.release_static_md_120_xp_unicode|Win32.Build.0 = release_static_md|Win32
		{744F00FE-6630-4F24-AC66-91D2A3241755}.release_static_md_140_mbcs|Win32.ActiveCfg = release_static_md|Win32
		{744F00FE-6630-4F24-AC66-91D2A3241755}.release_static_md_140_mbcs|Win32.Build.0 = release_static_md|Win32
		{744F00FE-6630-4F24-AC66-91D2A3241755}.release_static_md_140_unicode|Win32.ActiveCfg = release_static_md|Win32
		{744F00FE-6630-4F24-AC66-91D2A3241755}.release_static_md_140_unicode|Win32.Build.0 = release_static_md|Win32
		{744F00FE-6630-4F24-AC66-91D2A3241755}.release_static_md_140_xp_mbcs|Win32.ActiveCfg = release_static_md|Win32
		{744F00FE-6630-4F24-AC66-91D2A3241755}.release_static_md_140_xp_mbcs|Win32.Build.0 = release_static_md|Win32
		{744F00FE-6630-4F24-AC66-91D2A3241755}.release_static_md_140_xp_unicode|Win32.ActiveCfg = release_static_md|Win32
		{744F00FE-6630-4F24-AC66-91D2A3241755}.release_static_md_140_xp_unicode|Win32.Build.0 = release_static_md|Win32
		{744F00FE-6630-4F24-AC66-91D2A3241755}.release_static_md_141_mbcs|Win32.ActiveCfg = release_static_md|Win32
		{744F00FE-6630-4F24-AC66-91D2A3241755}.release_static_md_141_mbcs|Win32.Build.0 = release_static_md|Win32
		{744F00FE-6630-4F24-AC66-91D2A3241755}.release_static_md_141_unicode|Win32.ActiveCfg = release_static_md|Win32
		{744F00FE-6630-4F24-AC66-91D2A3241755}.release_static_md_141_unicode|Win32.Build.0 = release_static_md|Win32
		{744F00FE-6630-4F24-AC66-91D2A3241755}.release_static_md_141_xp_mbcs|Win32.ActiveCfg = release_static_md|Win32
		{744F00FE-6630-4F24-AC66-91D2A3241755}.release_static_md_141_xp_mbcs|Win32.Build.0 = release_static_md|Win32
		{744F00FE-6630-4F24-AC66-91D2A3241755}.release_static_md_141_xp_unicode|Win32.ActiveCfg = release_static_md|Win32
		{744F00FE-6630-4F24-AC66-91D2A3241755}.release_static_md_141_xp_unicode|Win32.Build.0 = release_static_md|Win32
		{744F00FE-6630-4F24-AC66-91D2A3241755}.release_static_md_90_mbcs|Win32.ActiveCfg = release_static_md|Win32
		{744F00FE-6630-4F24-AC66-91D2A3241755}.release_static_md_90_mbcs|Win32.Build.0 = release_static_md|Win32
		{744F00FE-6630-4F24-AC66-91D2A3241755}.release_static_md_90_unicode|Win32.ActiveCfg = release_static_md|Win32
		{744F00FE-6630-4F24-AC66-91D2A3241755}.release_static_md_90_unicode|Win32.Build.0 = release_static_md|Win32
		{744F00FE-6630-4F24-AC66-91D2A3241755}.release_static_mt_100_mbcs|Win32.ActiveCfg = release_static_mt|Win32
		{744F00FE-6630-4F24-AC66-91D2A3241755}.release_static_mt_100_mbcs|Win32.Build.0 = release_static_mt|Win32
		{744F00FE-6630-4F24-AC66-91D2A3241755}.release_static_mt_100_unicode|Win32.ActiveCfg = release_static_mt|Win32
		{744F00FE-6630-4F24-AC66-91D2A3241755}.release_static_mt_100_unicode|Win32.Build.0 = release_static_mt|Win32
		{744F00FE-6630-4F24-AC66-91D2A3241755}.release_static_mt_110_mbcs|Win32.ActiveCfg = release_static_mt|Win32
		{744F00FE-6630-4F24-AC66-91D2A3241755}.release_static_mt_110_mbcs|Win32.Build.0 = release_static_mt|Win32
		{744F00FE-6630-4F24-AC66-91D2A3241755}.release_static_mt_110_unicode|Win32.ActiveCfg = release_static_mt|Win32
		{744F00FE-6630-4F24-AC66-91D2A3241755}.release_static_mt_110_unicode|Win32.Build.0 = release_static_mt|Win32
		{744F00FE-6630-4F24-AC66-91D2A3241755}.release_static_mt_110_xp_mbcs|Win32.ActiveCfg = release_static_mt|Win32
		{744F00FE-6630-4F24-AC66-91D2A3241755}.release_static_mt_110_xp_mbcs|Win32.Build.0 = release_static_mt|Win32
		{744F00FE-6630-4F24-AC66-91D2A3241755}.release_static_mt_110_xp_unicode|Win32.ActiveCfg = release_static_mt|Win32
		{744F00FE-6630-4F24-AC66-91D2A3241755}.release_static_mt_110_xp_unicode|Win32.Build.0 = release_static_mt|Win32
		{744F00FE-6630-4F24-AC66-91D2A3241755}.release_static_mt_120_mbcs|Win32.ActiveCfg = release_static_mt|Win32
		{744F00FE-6630-4F24-AC66-91D2A3241755}.release_static_mt_120_mbcs|Win32.Build.0 = release_static_mt|Win32
		{744F00FE-6630-4F24-AC66-91D2A3241755}.release_static_mt_120_unicode|Win32.ActiveCfg = release_static_mt|Win32
		{744F00FE-6630-4F24-AC66-91D2A3241755}.release_static_mt_120_unicode|Win32.Build.0 = release_static_mt|Win32
		{744F00FE-6630-4F24-AC66-91D2A3241755}.release_static_mt_120_xp_mbcs|Win32.ActiveCfg = release_static_mt|Win32
		{744F00FE-6630-4F24-AC66-91D2A3241755}.release_static_mt_120_xp_mbcs|Win32.Build.0 = release_static_mt|Win32
		{744F00FE-6630-4F24-AC66-91D2A3241755}.release_static_mt_120_xp_unicode|Win32.ActiveCfg = release_static_mt|Win32
		{744F00FE-6630-4F24-AC66-91D2A3241755}.release_static_mt_120_xp_unicode|Win32.Build.0 = release_static_mt|Win32
		{744F00FE-6630-4F24-AC66-91D2A3241755}.release_static_mt_140_mbcs|Win32.ActiveCfg = release_static_mt|Win32
		{744F00FE-6630-4F24-AC66-91D2A3241755}.release_static_mt_140_mbcs|Win32.Build.0 = release_static_mt|Win32
		{744F00FE-6630-4F24-AC66-91D2A3241755}.release_static_mt_140_unicode|Win32.ActiveCfg = release_static_mt|Win32
		{744F00FE-6630-4F24-AC66-91D2A3241755}.release_static_mt_140_unicode|Win32.Build.0 = release_static_mt|Win32
		{744F00FE-6630-4F24-AC66-91D2A3241755}.release_static_mt_140_xp_mbcs|Win32.ActiveCfg = release_static_mt|Win32
		{744F00FE-6630-4F24-AC66-91D2A3241755}.release_static_mt_140_xp_mbcs|Win32.Build.0 = release_static_mt|Win32
		{744F00FE-6630-4F24-AC66-91D2A3241755}.release_static_mt_140_xp_unicode|Win32.ActiveCfg = release_static_mt|Win32
		{744F00FE-6630-4F24-AC66-91D2A3241755}.release_static_mt_140_xp_unicode|Win32.Build.0 = release_static_mt|Win32
		{744F00FE-6630-4F24-AC66-91D2A3241755}.release_static_mt_141_mbcs|Win32.ActiveCfg = release_static_mt|Win32
		{744F00FE-6630-4F24-AC66-91D2A3241755}.release_static_mt_141_mbcs|Win32.Build.0 = release_static_mt|Win32
		{744F00FE-6630-4F24-AC66-91D2A3241755}.release_static_mt_141_unicode|Win32.ActiveCfg = release_static_mt|Win32
		{744F00FE-6630-4F24-AC66-91D2A3241755}.release_static_mt_141_unicode|Win32.Build.0 = release_static_mt|Win32
		{744F00FE-6630-4F24-AC66-91D2A3241755}.release_static_mt_141_xp_mbcs|Win32.ActiveCfg = release_static_mt|Win32
		{744F00FE-6630-4F24-AC66-91D2A3241755}.release_static_mt_141_xp_mbcs|Win32.Build.0 = release_static_mt|Win32
		{744F00FE-6630-4F24-AC66-91D2A3241755}.release_static_mt_141_xp_unicode|Win32.ActiveCfg = release_static_mt|Win32
		{744F00FE-6630-4F24-AC66-91D2A3241755}.release_static_mt_141_xp_unicode|Win32.Build.0 = release_static_mt|Win32
		{744F00FE-6630-4F24-AC66-91D2A3241755}.release_static_mt_90_mbcs|Win32.ActiveCfg = release_static_mt|Win32
		{744F00FE-6630-4F24-AC66-91D2A3241755}.release_static_mt_90_mbcs|Win32.Build.0 = release_static_mt|Win32
		{744F00FE-6630-4F24-AC66-91D2A3241755}.release_static_mt_90_unicode|Win32.ActiveCfg = release_static_mt|Win32
		{744F00FE-6630-4F24-AC66-91D2A3241755}.release_static_mt_90_unicode|Win32.Build.0 = release_static_mt|Win32
	EndGlobalSection
	GlobalSection(SolutionProperties) = preSolution
		HideSolutionNode = FALSE
	EndGlobalSection
EndGlobal
