<?xml version="1.0" encoding="utf-8"?>
<Project ToolsVersion="4.0" xmlns="http://schemas.microsoft.com/developer/msbuild/2003">
  <ItemGroup>
    <Filter Include="Cipher">
      <UniqueIdentifier>{fda78231-0726-455e-9e41-519afa41b6a7}</UniqueIdentifier>
    </Filter>
    <Filter Include="Cipher\Header Files">
      <UniqueIdentifier>{efd77c07-be4d-4dd1-bae2-3bb5c5364dc4}</UniqueIdentifier>
    </Filter>
    <Filter Include="Cipher\Source Files">
      <UniqueIdentifier>{1cf93849-77b4-48f2-a576-6b1c3d62b27b}</UniqueIdentifier>
    </Filter>
    <Filter Include="RSA">
      <UniqueIdentifier>{db2522bb-0c4d-4056-a6ec-62fb6cce89d1}</UniqueIdentifier>
    </Filter>
    <Filter Include="RSA\Header Files">
      <UniqueIdentifier>{1236d11c-8df4-4e50-9609-d31f1149a649}</UniqueIdentifier>
    </Filter>
    <Filter Include="RSA\Source Files">
      <UniqueIdentifier>{8d2ed261-6a32-4844-9e2b-c8615bfbb569}</UniqueIdentifier>
    </Filter>
    <Filter Include="Certificate">
      <UniqueIdentifier>{9e3c1756-bd17-487d-8513-064c7f4fce04}</UniqueIdentifier>
    </Filter>
    <Filter Include="Certificate\Header Files">
      <UniqueIdentifier>{61786b15-b8ee-429d-94c6-2f33a1c458ff}</UniqueIdentifier>
    </Filter>
    <Filter Include="Certificate\Source Files">
      <UniqueIdentifier>{6f0a34ff-72c5-4ffc-b144-dfc21d700ee8}</UniqueIdentifier>
    </Filter>
    <Filter Include="CryptoCore">
      <UniqueIdentifier>{71b6461d-3cf2-4cee-a34f-99c586bad9e4}</UniqueIdentifier>
    </Filter>
    <Filter Include="CryptoCore\Header Files">
      <UniqueIdentifier>{988962c1-6bc0-4773-80fa-c8f871160842}</UniqueIdentifier>
    </Filter>
    <Filter Include="CryptoCore\Source Files">
      <UniqueIdentifier>{eb1e5afb-d93c-4c04-a823-7f50bdf90f31}</UniqueIdentifier>
    </Filter>
    <Filter Include="Digest">
      <UniqueIdentifier>{e2d67c1e-9d55-4cc9-be20-8f54d2e75bdc}</UniqueIdentifier>
    </Filter>
    <Filter Include="Digest\Header Files">
      <UniqueIdentifier>{63c03c0b-d4cd-4a80-a74f-607fc60ec7ea}</UniqueIdentifier>
    </Filter>
    <Filter Include="Digest\Source Files">
      <UniqueIdentifier>{9d0bbe1c-040d-462e-80c2-c3415f269469}</UniqueIdentifier>
    </Filter>
  </ItemGroup>
  <ItemGroup>
    <ClInclude Include="include\Poco\Crypto\Cipher.h">
      <Filter>Cipher\Header Files</Filter>
    </ClInclude>
    <ClInclude Include="include\Poco\Crypto\CipherFactory.h">
      <Filter>Cipher\Header Files</Filter>
    </ClInclude>
    <ClInclude Include="include\Poco\Crypto\CipherImpl.h">
      <Filter>Cipher\Header Files</Filter>
    </ClInclude>
    <ClInclude Include="include\Poco\Crypto\CipherKey.h">
      <Filter>Cipher\Header Files</Filter>
    </ClInclude>
    <ClInclude Include="include\Poco\Crypto\CipherKeyImpl.h">
      <Filter>Cipher\Header Files</Filter>
    </ClInclude>
    <ClInclude Include="include\Poco\Crypto\CryptoStream.h">
      <Filter>Cipher\Header Files</Filter>
    </ClInclude>
    <ClInclude Include="include\Poco\Crypto\CryptoTransform.h">
      <Filter>Cipher\Header Files</Filter>
    </ClInclude>
    <ClInclude Include="include\Poco\Crypto\RSACipherImpl.h">
      <Filter>RSA\Header Files</Filter>
    </ClInclude>
    <ClInclude Include="include\Poco\Crypto\RSADigestEngine.h">
      <Filter>RSA\Header Files</Filter>
    </ClInclude>
    <ClInclude Include="include\Poco\Crypto\RSAKey.h">
      <Filter>RSA\Header Files</Filter>
    </ClInclude>
    <ClInclude Include="include\Poco\Crypto\RSAKeyImpl.h">
      <Filter>RSA\Header Files</Filter>
    </ClInclude>
    <ClInclude Include="include\Poco\Crypto\X509Certificate.h">
      <Filter>Certificate\Header Files</Filter>
    </ClInclude>
    <ClInclude Include="include\Poco\Crypto\Crypto.h">
      <Filter>CryptoCore\Header Files</Filter>
    </ClInclude>
    <ClInclude Include="include\Poco\Crypto\OpenSSLInitializer.h">
      <Filter>CryptoCore\Header Files</Filter>
    </ClInclude>
    <ClInclude Include="include\Poco\Crypto\DigestEngine.h">
      <Filter>Digest\Header Files</Filter>
    </ClInclude>
  </ItemGroup>
  <ItemGroup>
    <ClCompile Include="src\Cipher.cpp">
      <Filter>Cipher\Source Files</Filter>
    </ClCompile>
    <ClCompile Include="src\CipherFactory.cpp">
      <Filter>Cipher\Source Files</Filter>
    </ClCompile>
    <ClCompile Include="src\CipherImpl.cpp">
      <Filter>Cipher\Source Files</Filter>
    </ClCompile>
    <ClCompile Include="src\CipherKey.cpp">
      <Filter>Cipher\Source Files</Filter>
    </ClCompile>
    <ClCompile Include="src\CipherKeyImpl.cpp">
      <Filter>Cipher\Source Files</Filter>
    </ClCompile>
    <ClCompile Include="src\CryptoStream.cpp">
      <Filter>Cipher\Source Files</Filter>
    </ClCompile>
    <ClCompile Include="src\CryptoTransform.cpp">
      <Filter>Cipher\Source Files</Filter>
    </ClCompile>
    <ClCompile Include="src\RSACipherImpl.cpp">
      <Filter>RSA\Source Files</Filter>
    </ClCompile>
    <ClCompile Include="src\RSADigestEngine.cpp">
      <Filter>RSA\Source Files</Filter>
    </ClCompile>
    <ClCompile Include="src\RSAKey.cpp">
      <Filter>RSA\Source Files</Filter>
    </ClCompile>
    <ClCompile Include="src\RSAKeyImpl.cpp">
      <Filter>RSA\Source Files</Filter>
    </ClCompile>
    <ClCompile Include="src\X509Certificate.cpp">
      <Filter>Certificate\Source Files</Filter>
    </ClCompile>
    <ClCompile Include="src\OpenSSLInitializer.cpp">
      <Filter>CryptoCore\Source Files</Filter>
    </ClCompile>
    <ClCompile Include="src\DigestEngine.cpp">
      <Filter>Digest\Source Files</Filter>
    </ClCompile>
  </ItemGroup>
  <ItemGroup>
    <ResourceCompile Include="..\DLLVersion.rc" />
  </ItemGroup>
</Project>