<?xml version="1.0" encoding="utf-8"?>
<Project ToolsVersion="4.0" xmlns="http://schemas.microsoft.com/developer/msbuild/2003">
  <ItemGroup>
    <Filter Include="Source Files">
      <UniqueIdentifier>{a5d13626-2fdf-4b11-9a7b-0fb88caf55ab}</UniqueIdentifier>
      <Extensions>cpp;c;cxx;rc;def;r;odl;idl;hpj;bat</Extensions>
    </Filter>
    <Filter Include="Include Files">
      <UniqueIdentifier>{d490f7a6-cc9c-4df4-a463-a002147e78c7}</UniqueIdentifier>
      <Extensions>*.h</Extensions>
    </Filter>
    <Filter Include="Resource Files">
      <UniqueIdentifier>{711573f8-4a1e-4759-bc9b-c377a8297f6d}</UniqueIdentifier>
    </Filter>
  </ItemGroup>
  <ItemGroup>
    <ClCompile Include="src\ActiveTest.cpp">
      <Filter>Source Files</Filter>
    </ClCompile>
    <ClCompile Include="src\DLLMain.cpp">
      <Filter>Source Files</Filter>
    </ClCompile>
    <ClCompile Include="src\GUITestResult.cpp">
      <Filter>Source Files</Filter>
    </ClCompile>
    <ClCompile Include="src\ProgressBar.cpp">
      <Filter>Source Files</Filter>
    </ClCompile>
    <ClCompile Include="src\TestRunnerDlg.cpp">
      <Filter>Source Files</Filter>
    </ClCompile>
    <ClCompile Include="src\WinTestRunner.cpp">
      <Filter>Source Files</Filter>
    </ClCompile>
  </ItemGroup>
  <ItemGroup>
    <ClInclude Include="src\ActiveTest.h">
      <Filter>Include Files</Filter>
    </ClInclude>
    <ClInclude Include="src\GUITestResult.h">
      <Filter>Include Files</Filter>
    </ClInclude>
    <ClInclude Include="src\ProgressBar.h">
      <Filter>Include Files</Filter>
    </ClInclude>
    <ClInclude Include="src\TestRunnerDlg.h">
      <Filter>Include Files</Filter>
    </ClInclude>
    <ClInclude Include="include\WinTestRunner\WinTestRunner.h">
      <Filter>Include Files</Filter>
    </ClInclude>
    <ClInclude Include="res\Resource.h">
      <Filter>Resource Files</Filter>
    </ClInclude>
  </ItemGroup>
  <ItemGroup>
    <ResourceCompile Include="res\WinTestRunner.rc">
      <Filter>Resource Files</Filter>
    </ResourceCompile>
  </ItemGroup>
</Project>