<?xml version="1.0" encoding="utf-8"?>
<Project ToolsVersion="4.0" xmlns="http://schemas.microsoft.com/developer/msbuild/2003">
  <ItemGroup>
    <Filter Include="NetCore">
      <UniqueIdentifier>{94eedb53-9f5d-4ee8-9d7e-860b57645c11}</UniqueIdentifier>
    </Filter>
    <Filter Include="NetCore\Header Files">
      <UniqueIdentifier>{e0fe12a2-9a4f-468e-8423-5905af52b075}</UniqueIdentifier>
    </Filter>
    <Filter Include="NetCore\Source Files">
      <UniqueIdentifier>{8f5d1b6d-035f-4832-aa93-caef9f2ad363}</UniqueIdentifier>
    </Filter>
    <Filter Include="Sockets">
      <UniqueIdentifier>{78ebfa12-e051-4cd2-b7b5-df4c2eabe9b5}</UniqueIdentifier>
    </Filter>
    <Filter Include="Sockets\Header Files">
      <UniqueIdentifier>{5b586c4b-c63b-45c2-a6cd-8a1653e3579a}</UniqueIdentifier>
    </Filter>
    <Filter Include="Sockets\Source Files">
      <UniqueIdentifier>{f30431ee-5350-4c40-8849-57623372c051}</UniqueIdentifier>
    </Filter>
    <Filter Include="Messages">
      <UniqueIdentifier>{70aa0923-9122-4bf8-8b23-bd0c031d70a3}</UniqueIdentifier>
    </Filter>
    <Filter Include="Messages\Header Files">
      <UniqueIdentifier>{6dd086ea-d463-4155-8eca-4f77d2a8d4e9}</UniqueIdentifier>
    </Filter>
    <Filter Include="Messages\Source Files">
      <UniqueIdentifier>{257903e1-5c41-43d0-8e38-3f95e7fa6e3a}</UniqueIdentifier>
    </Filter>
    <Filter Include="HTTP">
      <UniqueIdentifier>{74d42c07-f51f-43b2-b4ea-b2fff11e898f}</UniqueIdentifier>
    </Filter>
    <Filter Include="HTTP\Header Files">
      <UniqueIdentifier>{91c8cb95-013e-40eb-8a2f-f83036b536b1}</UniqueIdentifier>
    </Filter>
    <Filter Include="HTTP\Source Files">
      <UniqueIdentifier>{15eef7b2-e65d-4e17-843b-21d864ed8720}</UniqueIdentifier>
    </Filter>
    <Filter Include="TCPServer">
      <UniqueIdentifier>{1a695cfb-ba73-49ad-ad2c-0e52154da821}</UniqueIdentifier>
    </Filter>
    <Filter Include="TCPServer\Header Files">
      <UniqueIdentifier>{139b605d-e063-47a1-8682-610db8c28cb7}</UniqueIdentifier>
    </Filter>
    <Filter Include="TCPServer\Source Files">
      <UniqueIdentifier>{d1444d9b-f8ab-4b21-a627-e5f147fae8d8}</UniqueIdentifier>
    </Filter>
    <Filter Include="HTTPServer">
      <UniqueIdentifier>{5a6a6cc0-e32f-4b6c-aa4e-27c5d6ca233b}</UniqueIdentifier>
    </Filter>
    <Filter Include="HTTPServer\Header Files">
      <UniqueIdentifier>{478e5391-a2af-4bff-9436-e4f57f62205c}</UniqueIdentifier>
    </Filter>
    <Filter Include="HTTPServer\Source Files">
      <UniqueIdentifier>{fb8f29ae-6044-4f0e-998b-bbcac9942f42}</UniqueIdentifier>
    </Filter>
    <Filter Include="HTTPClient">
      <UniqueIdentifier>{90ee4ea1-8bfb-48a1-ac7a-1ec0b352928a}</UniqueIdentifier>
    </Filter>
    <Filter Include="HTTPClient\Header Files">
      <UniqueIdentifier>{a84d0667-5dea-4b9e-9cb1-c9178d5543be}</UniqueIdentifier>
    </Filter>
    <Filter Include="HTTPClient\Source Files">
      <UniqueIdentifier>{db8a4cf4-92ff-480f-9295-872d72798d03}</UniqueIdentifier>
    </Filter>
    <Filter Include="HTML">
      <UniqueIdentifier>{96d5079e-7baf-4c65-992b-32139bcdd5cb}</UniqueIdentifier>
    </Filter>
    <Filter Include="HTML\Header Files">
      <UniqueIdentifier>{c335cae8-275e-40b2-9201-bf9414665bda}</UniqueIdentifier>
    </Filter>
    <Filter Include="HTML\Source Files">
      <UniqueIdentifier>{d177ec61-9ce0-4667-900e-b0d95faa471a}</UniqueIdentifier>
    </Filter>
    <Filter Include="FTPClient">
      <UniqueIdentifier>{28e053a8-bb62-4b09-a496-fde7463d1215}</UniqueIdentifier>
    </Filter>
    <Filter Include="FTPClient\Header Files">
      <UniqueIdentifier>{5198fc41-d5e6-4869-8dce-7108e8731023}</UniqueIdentifier>
    </Filter>
    <Filter Include="FTPClient\Source Files">
      <UniqueIdentifier>{99589e1d-4274-48e8-a46f-a9732655ef59}</UniqueIdentifier>
    </Filter>
    <Filter Include="Reactor">
      <UniqueIdentifier>{35fb4eb5-2cfb-491a-8774-2611084e985d}</UniqueIdentifier>
    </Filter>
    <Filter Include="Reactor\Header Files">
      <UniqueIdentifier>{a19e2dae-66ce-4025-9f97-e7e845f25b70}</UniqueIdentifier>
    </Filter>
    <Filter Include="Reactor\Source Files">
      <UniqueIdentifier>{209c4971-551f-4ea6-a0ad-1ce77b6de7a0}</UniqueIdentifier>
    </Filter>
    <Filter Include="Mail">
      <UniqueIdentifier>{5ddcf990-eaf0-4a27-a583-a8496a2b277f}</UniqueIdentifier>
    </Filter>
    <Filter Include="Mail\Header Files">
      <UniqueIdentifier>{90befdc8-4913-4936-be51-5acfeb095b49}</UniqueIdentifier>
    </Filter>
    <Filter Include="Mail\Source Files">
      <UniqueIdentifier>{1715b3bf-4bf7-4063-9466-60027b3417d3}</UniqueIdentifier>
    </Filter>
    <Filter Include="ICMP">
      <UniqueIdentifier>{60113d33-de80-4c5d-85b3-5a7766f18007}</UniqueIdentifier>
    </Filter>
    <Filter Include="ICMP\Header Files">
      <UniqueIdentifier>{34bb58f1-8bc8-4c45-a2db-653e07524199}</UniqueIdentifier>
    </Filter>
    <Filter Include="ICMP\Source Files">
      <UniqueIdentifier>{d51cfeaf-796a-4258-94e0-53ab99f95d66}</UniqueIdentifier>
    </Filter>
    <Filter Include="NTP">
      <UniqueIdentifier>{22bf6a6c-e673-4d98-947d-cb83c85062a5}</UniqueIdentifier>
    </Filter>
    <Filter Include="NTP\Header Files">
      <UniqueIdentifier>{aaccff52-6951-4c42-a25b-b44f637636aa}</UniqueIdentifier>
    </Filter>
    <Filter Include="NTP\Source Files">
      <UniqueIdentifier>{19a193b3-dcb3-460a-a79c-3cac60054c27}</UniqueIdentifier>
    </Filter>
    <Filter Include="Logging">
      <UniqueIdentifier>{34636f67-64d7-4425-b256-6a3d64962bcd}</UniqueIdentifier>
    </Filter>
    <Filter Include="Logging\Header Files">
      <UniqueIdentifier>{b4bccc24-59e9-43c8-886b-6b15e5818eb2}</UniqueIdentifier>
    </Filter>
    <Filter Include="Logging\Source Files">
      <UniqueIdentifier>{63eb6435-5487-4e5a-97dc-a03ee68dc157}</UniqueIdentifier>
    </Filter>
    <Filter Include="WebSocket">
      <UniqueIdentifier>{acd8e811-266f-4b16-b1fd-0985c6ca6874}</UniqueIdentifier>
    </Filter>
    <Filter Include="WebSocket\Header Files">
      <UniqueIdentifier>{c8ad7c04-549c-484c-b3e1-435c46efceaf}</UniqueIdentifier>
    </Filter>
    <Filter Include="WebSocket\Source Files">
      <UniqueIdentifier>{89e1bbd0-b4b7-4bea-a9ef-6a7f857c2429}</UniqueIdentifier>
    </Filter>
    <Filter Include="OAuth">
      <UniqueIdentifier>{922f9d70-8c52-4ed4-b523-8f549bb51516}</UniqueIdentifier>
    </Filter>
    <Filter Include="OAuth\Header Files">
      <UniqueIdentifier>{be52b28b-2920-4a8a-bb34-04cbeb1fcb55}</UniqueIdentifier>
    </Filter>
    <Filter Include="OAuth\Source Files">
      <UniqueIdentifier>{c6548410-fcbc-43a8-b57d-195cb35e9776}</UniqueIdentifier>
    </Filter>
  </ItemGroup>
  <ItemGroup>
    <ClInclude Include="include\Poco\Net\DNS.h">
      <Filter>NetCore\Header Files</Filter>
    </ClInclude>
    <ClInclude Include="include\Poco\Net\HostEntry.h">
      <Filter>NetCore\Header Files</Filter>
    </ClInclude>
    <ClInclude Include="include\Poco\Net\IPAddress.h">
      <Filter>NetCore\Header Files</Filter>
    </ClInclude>
    <ClInclude Include="include\Poco\Net\IPAddressImpl.h">
      <Filter>NetCore\Header Files</Filter>
    </ClInclude>
    <ClInclude Include="include\Poco\Net\Net.h">
      <Filter>NetCore\Header Files</Filter>
    </ClInclude>
    <ClInclude Include="include\Poco\Net\NetException.h">
      <Filter>NetCore\Header Files</Filter>
    </ClInclude>
    <ClInclude Include="include\Poco\Net\NetworkInterface.h">
      <Filter>NetCore\Header Files</Filter>
    </ClInclude>
    <ClInclude Include="include\Poco\Net\SocketAddress.h">
      <Filter>NetCore\Header Files</Filter>
    </ClInclude>
    <ClInclude Include="include\Poco\Net\SocketAddressImpl.h">
      <Filter>NetCore\Header Files</Filter>
    </ClInclude>
    <ClInclude Include="include\Poco\Net\SocketDefs.h">
      <Filter>NetCore\Header Files</Filter>
    </ClInclude>
    <ClInclude Include="include\Poco\Net\DatagramSocket.h">
      <Filter>Sockets\Header Files</Filter>
    </ClInclude>
    <ClInclude Include="include\Poco\Net\DatagramSocketImpl.h">
      <Filter>Sockets\Header Files</Filter>
    </ClInclude>
    <ClInclude Include="include\Poco\Net\DialogSocket.h">
      <Filter>Sockets\Header Files</Filter>
    </ClInclude>
    <ClInclude Include="include\Poco\Net\MulticastSocket.h">
      <Filter>Sockets\Header Files</Filter>
    </ClInclude>
    <ClInclude Include="include\Poco\Net\RawSocket.h">
      <Filter>Sockets\Header Files</Filter>
    </ClInclude>
    <ClInclude Include="include\Poco\Net\RawSocketImpl.h">
      <Filter>Sockets\Header Files</Filter>
    </ClInclude>
    <ClInclude Include="include\Poco\Net\ServerSocket.h">
      <Filter>Sockets\Header Files</Filter>
    </ClInclude>
    <ClInclude Include="include\Poco\Net\ServerSocketImpl.h">
      <Filter>Sockets\Header Files</Filter>
    </ClInclude>
    <ClInclude Include="include\Poco\Net\Socket.h">
      <Filter>Sockets\Header Files</Filter>
    </ClInclude>
    <ClInclude Include="include\Poco\Net\SocketImpl.h">
      <Filter>Sockets\Header Files</Filter>
    </ClInclude>
    <ClInclude Include="include\Poco\Net\SocketStream.h">
      <Filter>Sockets\Header Files</Filter>
    </ClInclude>
    <ClInclude Include="include\Poco\Net\StreamSocket.h">
      <Filter>Sockets\Header Files</Filter>
    </ClInclude>
    <ClInclude Include="include\Poco\Net\StreamSocketImpl.h">
      <Filter>Sockets\Header Files</Filter>
    </ClInclude>
    <ClInclude Include="include\Poco\Net\FilePartSource.h">
      <Filter>Messages\Header Files</Filter>
    </ClInclude>
    <ClInclude Include="include\Poco\Net\MediaType.h">
      <Filter>Messages\Header Files</Filter>
    </ClInclude>
    <ClInclude Include="include\Poco\Net\MessageHeader.h">
      <Filter>Messages\Header Files</Filter>
    </ClInclude>
    <ClInclude Include="include\Poco\Net\MultipartReader.h">
      <Filter>Messages\Header Files</Filter>
    </ClInclude>
    <ClInclude Include="include\Poco\Net\MultipartWriter.h">
      <Filter>Messages\Header Files</Filter>
    </ClInclude>
    <ClInclude Include="include\Poco\Net\NameValueCollection.h">
      <Filter>Messages\Header Files</Filter>
    </ClInclude>
    <ClInclude Include="include\Poco\Net\NullPartHandler.h">
      <Filter>Messages\Header Files</Filter>
    </ClInclude>
    <ClInclude Include="include\Poco\Net\PartHandler.h">
      <Filter>Messages\Header Files</Filter>
    </ClInclude>
    <ClInclude Include="include\Poco\Net\PartSource.h">
      <Filter>Messages\Header Files</Filter>
    </ClInclude>
    <ClInclude Include="include\Poco\Net\PartStore.h">
      <Filter>Messages\Header Files</Filter>
    </ClInclude>
    <ClInclude Include="include\Poco\Net\QuotedPrintableDecoder.h">
      <Filter>Messages\Header Files</Filter>
    </ClInclude>
    <ClInclude Include="include\Poco\Net\QuotedPrintableEncoder.h">
      <Filter>Messages\Header Files</Filter>
    </ClInclude>
    <ClInclude Include="include\Poco\Net\StringPartSource.h">
      <Filter>Messages\Header Files</Filter>
    </ClInclude>
    <ClInclude Include="include\Poco\Net\HTTPAuthenticationParams.h">
      <Filter>HTTP\Header Files</Filter>
    </ClInclude>
    <ClInclude Include="include\Poco\Net\HTTPBasicCredentials.h">
      <Filter>HTTP\Header Files</Filter>
    </ClInclude>
    <ClInclude Include="include\Poco\Net\HTTPBasicStreamBuf.h">
      <Filter>HTTP\Header Files</Filter>
    </ClInclude>
    <ClInclude Include="include\Poco\Net\HTTPBufferAllocator.h">
      <Filter>HTTP\Header Files</Filter>
    </ClInclude>
    <ClInclude Include="include\Poco\Net\HTTPChunkedStream.h">
      <Filter>HTTP\Header Files</Filter>
    </ClInclude>
    <ClInclude Include="include\Poco\Net\HTTPCookie.h">
      <Filter>HTTP\Header Files</Filter>
    </ClInclude>
    <ClInclude Include="include\Poco\Net\HTTPCredentials.h">
      <Filter>HTTP\Header Files</Filter>
    </ClInclude>
    <ClInclude Include="include\Poco\Net\HTTPDigestCredentials.h">
      <Filter>HTTP\Header Files</Filter>
    </ClInclude>
    <ClInclude Include="include\Poco\Net\HTTPFixedLengthStream.h">
      <Filter>HTTP\Header Files</Filter>
    </ClInclude>
    <ClInclude Include="include\Poco\Net\HTTPHeaderStream.h">
      <Filter>HTTP\Header Files</Filter>
    </ClInclude>
    <ClInclude Include="include\Poco\Net\HTTPMessage.h">
      <Filter>HTTP\Header Files</Filter>
    </ClInclude>
    <ClInclude Include="include\Poco\Net\HTTPRequest.h">
      <Filter>HTTP\Header Files</Filter>
    </ClInclude>
    <ClInclude Include="include\Poco\Net\HTTPResponse.h">
      <Filter>HTTP\Header Files</Filter>
    </ClInclude>
    <ClInclude Include="include\Poco\Net\HTTPSession.h">
      <Filter>HTTP\Header Files</Filter>
    </ClInclude>
    <ClInclude Include="include\Poco\Net\HTTPStream.h">
      <Filter>HTTP\Header Files</Filter>
    </ClInclude>
    <ClInclude Include="include\Poco\Net\TCPServer.h">
      <Filter>TCPServer\Header Files</Filter>
    </ClInclude>
    <ClInclude Include="include\Poco\Net\TCPServerConnection.h">
      <Filter>TCPServer\Header Files</Filter>
    </ClInclude>
    <ClInclude Include="include\Poco\Net\TCPServerConnectionFactory.h">
      <Filter>TCPServer\Header Files</Filter>
    </ClInclude>
    <ClInclude Include="include\Poco\Net\TCPServerDispatcher.h">
      <Filter>TCPServer\Header Files</Filter>
    </ClInclude>
    <ClInclude Include="include\Poco\Net\TCPServerParams.h">
      <Filter>TCPServer\Header Files</Filter>
    </ClInclude>
    <ClInclude Include="include\Poco\Net\AbstractHTTPRequestHandler.h">
      <Filter>HTTPServer\Header Files</Filter>
    </ClInclude>
    <ClInclude Include="include\Poco\Net\HTTPRequestHandler.h">
      <Filter>HTTPServer\Header Files</Filter>
    </ClInclude>
    <ClInclude Include="include\Poco\Net\HTTPRequestHandlerFactory.h">
      <Filter>HTTPServer\Header Files</Filter>
    </ClInclude>
    <ClInclude Include="include\Poco\Net\HTTPServer.h">
      <Filter>HTTPServer\Header Files</Filter>
    </ClInclude>
    <ClInclude Include="include\Poco\Net\HTTPServerConnection.h">
      <Filter>HTTPServer\Header Files</Filter>
    </ClInclude>
    <ClInclude Include="include\Poco\Net\HTTPServerConnectionFactory.h">
      <Filter>HTTPServer\Header Files</Filter>
    </ClInclude>
    <ClInclude Include="include\Poco\Net\HTTPServerParams.h">
      <Filter>HTTPServer\Header Files</Filter>
    </ClInclude>
    <ClInclude Include="include\Poco\Net\HTTPServerRequest.h">
      <Filter>HTTPServer\Header Files</Filter>
    </ClInclude>
    <ClInclude Include="include\Poco\Net\HTTPServerRequestImpl.h">
      <Filter>HTTPServer\Header Files</Filter>
    </ClInclude>
    <ClInclude Include="include\Poco\Net\HTTPServerResponse.h">
      <Filter>HTTPServer\Header Files</Filter>
    </ClInclude>
    <ClInclude Include="include\Poco\Net\HTTPServerResponseImpl.h">
      <Filter>HTTPServer\Header Files</Filter>
    </ClInclude>
    <ClInclude Include="include\Poco\Net\HTTPServerSession.h">
      <Filter>HTTPServer\Header Files</Filter>
    </ClInclude>
    <ClInclude Include="include\Poco\Net\HTTPClientSession.h">
      <Filter>HTTPClient\Header Files</Filter>
    </ClInclude>
    <ClInclude Include="include\Poco\Net\HTTPIOStream.h">
      <Filter>HTTPClient\Header Files</Filter>
    </ClInclude>
    <ClInclude Include="include\Poco\Net\HTTPSessionFactory.h">
      <Filter>HTTPClient\Header Files</Filter>
    </ClInclude>
    <ClInclude Include="include\Poco\Net\HTTPSessionInstantiator.h">
      <Filter>HTTPClient\Header Files</Filter>
    </ClInclude>
    <ClInclude Include="include\Poco\Net\HTTPStreamFactory.h">
      <Filter>HTTPClient\Header Files</Filter>
    </ClInclude>
    <ClInclude Include="include\Poco\Net\HTMLForm.h">
      <Filter>HTML\Header Files</Filter>
    </ClInclude>
    <ClInclude Include="include\Poco\Net\FTPClientSession.h">
      <Filter>FTPClient\Header Files</Filter>
    </ClInclude>
    <ClInclude Include="include\Poco\Net\FTPStreamFactory.h">
      <Filter>FTPClient\Header Files</Filter>
    </ClInclude>
    <ClInclude Include="include\Poco\Net\ParallelSocketAcceptor.h">
      <Filter>Reactor\Header Files</Filter>
    </ClInclude>
    <ClInclude Include="include\Poco\Net\ParallelSocketReactor.h">
      <Filter>Reactor\Header Files</Filter>
    </ClInclude>
    <ClInclude Include="include\Poco\Net\SocketAcceptor.h">
      <Filter>Reactor\Header Files</Filter>
    </ClInclude>
    <ClInclude Include="include\Poco\Net\SocketConnector.h">
      <Filter>Reactor\Header Files</Filter>
    </ClInclude>
    <ClInclude Include="include\Poco\Net\SocketNotification.h">
      <Filter>Reactor\Header Files</Filter>
    </ClInclude>
    <ClInclude Include="include\Poco\Net\SocketNotifier.h">
      <Filter>Reactor\Header Files</Filter>
    </ClInclude>
    <ClInclude Include="include\Poco\Net\SocketReactor.h">
      <Filter>Reactor\Header Files</Filter>
    </ClInclude>
    <ClInclude Include="include\Poco\Net\MailMessage.h">
      <Filter>Mail\Header Files</Filter>
    </ClInclude>
    <ClInclude Include="include\Poco\Net\MailRecipient.h">
      <Filter>Mail\Header Files</Filter>
    </ClInclude>
    <ClInclude Include="include\Poco\Net\MailStream.h">
      <Filter>Mail\Header Files</Filter>
    </ClInclude>
    <ClInclude Include="include\Poco\Net\POP3ClientSession.h">
      <Filter>Mail\Header Files</Filter>
    </ClInclude>
    <ClInclude Include="include\Poco\Net\SMTPClientSession.h">
      <Filter>Mail\Header Files</Filter>
    </ClInclude>
    <ClInclude Include="include\Poco\Net\ICMPClient.h">
      <Filter>ICMP\Header Files</Filter>
    </ClInclude>
    <ClInclude Include="include\Poco\Net\ICMPEventArgs.h">
      <Filter>ICMP\Header Files</Filter>
    </ClInclude>
    <ClInclude Include="include\Poco\Net\ICMPPacket.h">
      <Filter>ICMP\Header Files</Filter>
    </ClInclude>
    <ClInclude Include="include\Poco\Net\ICMPPacketImpl.h">
      <Filter>ICMP\Header Files</Filter>
    </ClInclude>
    <ClInclude Include="include\Poco\Net\ICMPSocket.h">
      <Filter>ICMP\Header Files</Filter>
    </ClInclude>
    <ClInclude Include="include\Poco\Net\ICMPSocketImpl.h">
      <Filter>ICMP\Header Files</Filter>
    </ClInclude>
    <ClInclude Include="include\Poco\Net\ICMPv4PacketImpl.h">
      <Filter>ICMP\Header Files</Filter>
    </ClInclude>
    <ClInclude Include="include\Poco\Net\NTPClient.h">
      <Filter>NTP\Header Files</Filter>
    </ClInclude>
    <ClInclude Include="include\Poco\Net\NTPEventArgs.h">
      <Filter>NTP\Header Files</Filter>
    </ClInclude>
    <ClInclude Include="include\Poco\Net\NTPPacket.h">
      <Filter>NTP\Header Files</Filter>
    </ClInclude>
    <ClInclude Include="include\Poco\Net\RemoteSyslogChannel.h">
      <Filter>Logging\Header Files</Filter>
    </ClInclude>
    <ClInclude Include="include\Poco\Net\RemoteSyslogListener.h">
      <Filter>Logging\Header Files</Filter>
    </ClInclude>
    <ClInclude Include="include\Poco\Net\SMTPChannel.h">
      <Filter>Logging\Header Files</Filter>
    </ClInclude>
    <ClInclude Include="include\Poco\Net\WebSocket.h">
      <Filter>WebSocket\Header Files</Filter>
    </ClInclude>
    <ClInclude Include="include\Poco\Net\WebSocketImpl.h">
      <Filter>WebSocket\Header Files</Filter>
    </ClInclude>
    <ClInclude Include="include\Poco\Net\OAuth10Credentials.h">
      <Filter>OAuth\Header Files</Filter>
    </ClInclude>
    <ClInclude Include="include\Poco\Net\OAuth20Credentials.h">
      <Filter>OAuth\Header Files</Filter>
    </ClInclude>
  </ItemGroup>
  <ItemGroup>
    <ClCompile Include="src\DNS.cpp">
      <Filter>NetCore\Source Files</Filter>
    </ClCompile>
    <ClCompile Include="src\HostEntry.cpp">
      <Filter>NetCore\Source Files</Filter>
    </ClCompile>
    <ClCompile Include="src\IPAddress.cpp">
      <Filter>NetCore\Source Files</Filter>
    </ClCompile>
    <ClCompile Include="src\IPAddressImpl.cpp">
      <Filter>NetCore\Source Files</Filter>
    </ClCompile>
    <ClCompile Include="src\Net.cpp">
      <Filter>NetCore\Source Files</Filter>
    </ClCompile>
    <ClCompile Include="src\NetException.cpp">
      <Filter>NetCore\Source Files</Filter>
    </ClCompile>
    <ClCompile Include="src\NetworkInterface.cpp">
      <Filter>NetCore\Source Files</Filter>
    </ClCompile>
    <ClCompile Include="src\SocketAddress.cpp">
      <Filter>NetCore\Source Files</Filter>
    </ClCompile>
    <ClCompile Include="src\SocketAddressImpl.cpp">
      <Filter>NetCore\Source Files</Filter>
    </ClCompile>
    <ClCompile Include="src\DatagramSocket.cpp">
      <Filter>Sockets\Source Files</Filter>
    </ClCompile>
    <ClCompile Include="src\DatagramSocketImpl.cpp">
      <Filter>Sockets\Source Files</Filter>
    </ClCompile>
    <ClCompile Include="src\DialogSocket.cpp">
      <Filter>Sockets\Source Files</Filter>
    </ClCompile>
    <ClCompile Include="src\MulticastSocket.cpp">
      <Filter>Sockets\Source Files</Filter>
    </ClCompile>
    <ClCompile Include="src\RawSocket.cpp">
      <Filter>Sockets\Source Files</Filter>
    </ClCompile>
    <ClCompile Include="src\RawSocketImpl.cpp">
      <Filter>Sockets\Source Files</Filter>
    </ClCompile>
    <ClCompile Include="src\ServerSocket.cpp">
      <Filter>Sockets\Source Files</Filter>
    </ClCompile>
    <ClCompile Include="src\ServerSocketImpl.cpp">
      <Filter>Sockets\Source Files</Filter>
    </ClCompile>
    <ClCompile Include="src\Socket.cpp">
      <Filter>Sockets\Source Files</Filter>
    </ClCompile>
    <ClCompile Include="src\SocketImpl.cpp">
      <Filter>Sockets\Source Files</Filter>
    </ClCompile>
    <ClCompile Include="src\SocketStream.cpp">
      <Filter>Sockets\Source Files</Filter>
    </ClCompile>
    <ClCompile Include="src\StreamSocket.cpp">
      <Filter>Sockets\Source Files</Filter>
    </ClCompile>
    <ClCompile Include="src\StreamSocketImpl.cpp">
      <Filter>Sockets\Source Files</Filter>
    </ClCompile>
    <ClCompile Include="src\FilePartSource.cpp">
      <Filter>Messages\Source Files</Filter>
    </ClCompile>
    <ClCompile Include="src\MediaType.cpp">
      <Filter>Messages\Source Files</Filter>
    </ClCompile>
    <ClCompile Include="src\MessageHeader.cpp">
      <Filter>Messages\Source Files</Filter>
    </ClCompile>
    <ClCompile Include="src\MultipartReader.cpp">
      <Filter>Messages\Source Files</Filter>
    </ClCompile>
    <ClCompile Include="src\MultipartWriter.cpp">
      <Filter>Messages\Source Files</Filter>
    </ClCompile>
    <ClCompile Include="src\NameValueCollection.cpp">
      <Filter>Messages\Source Files</Filter>
    </ClCompile>
    <ClCompile Include="src\NullPartHandler.cpp">
      <Filter>Messages\Source Files</Filter>
    </ClCompile>
    <ClCompile Include="src\PartHandler.cpp">
      <Filter>Messages\Source Files</Filter>
    </ClCompile>
    <ClCompile Include="src\PartSource.cpp">
      <Filter>Messages\Source Files</Filter>
    </ClCompile>
    <ClCompile Include="src\PartStore.cpp">
      <Filter>Messages\Source Files</Filter>
    </ClCompile>
    <ClCompile Include="src\QuotedPrintableDecoder.cpp">
      <Filter>Messages\Source Files</Filter>
    </ClCompile>
    <ClCompile Include="src\QuotedPrintableEncoder.cpp">
      <Filter>Messages\Source Files</Filter>
    </ClCompile>
    <ClCompile Include="src\StringPartSource.cpp">
      <Filter>Messages\Source Files</Filter>
    </ClCompile>
    <ClCompile Include="src\HTTPAuthenticationParams.cpp">
      <Filter>HTTP\Source Files</Filter>
    </ClCompile>
    <ClCompile Include="src\HTTPBasicCredentials.cpp">
      <Filter>HTTP\Source Files</Filter>
    </ClCompile>
    <ClCompile Include="src\HTTPBufferAllocator.cpp">
      <Filter>HTTP\Source Files</Filter>
    </ClCompile>
    <ClCompile Include="src\HTTPChunkedStream.cpp">
      <Filter>HTTP\Source Files</Filter>
    </ClCompile>
    <ClCompile Include="src\HTTPCookie.cpp">
      <Filter>HTTP\Source Files</Filter>
    </ClCompile>
    <ClCompile Include="src\HTTPCredentials.cpp">
      <Filter>HTTP\Source Files</Filter>
    </ClCompile>
    <ClCompile Include="src\HTTPDigestCredentials.cpp">
      <Filter>HTTP\Source Files</Filter>
    </ClCompile>
    <ClCompile Include="src\HTTPFixedLengthStream.cpp">
      <Filter>HTTP\Source Files</Filter>
    </ClCompile>
    <ClCompile Include="src\HTTPHeaderStream.cpp">
      <Filter>HTTP\Source Files</Filter>
    </ClCompile>
    <ClCompile Include="src\HTTPMessage.cpp">
      <Filter>HTTP\Source Files</Filter>
    </ClCompile>
    <ClCompile Include="src\HTTPRequest.cpp">
      <Filter>HTTP\Source Files</Filter>
    </ClCompile>
    <ClCompile Include="src\HTTPResponse.cpp">
      <Filter>HTTP\Source Files</Filter>
    </ClCompile>
    <ClCompile Include="src\HTTPSession.cpp">
      <Filter>HTTP\Source Files</Filter>
    </ClCompile>
    <ClCompile Include="src\HTTPStream.cpp">
      <Filter>HTTP\Source Files</Filter>
    </ClCompile>
    <ClCompile Include="src\TCPServer.cpp">
      <Filter>TCPServer\Source Files</Filter>
    </ClCompile>
    <ClCompile Include="src\TCPServerConnection.cpp">
      <Filter>TCPServer\Source Files</Filter>
    </ClCompile>
    <ClCompile Include="src\TCPServerConnectionFactory.cpp">
      <Filter>TCPServer\Source Files</Filter>
    </ClCompile>
    <ClCompile Include="src\TCPServerDispatcher.cpp">
      <Filter>TCPServer\Source Files</Filter>
    </ClCompile>
    <ClCompile Include="src\TCPServerParams.cpp">
      <Filter>TCPServer\Source Files</Filter>
    </ClCompile>
    <ClCompile Include="src\AbstractHTTPRequestHandler.cpp">
      <Filter>HTTPServer\Source Files</Filter>
    </ClCompile>
    <ClCompile Include="src\HTTPRequestHandler.cpp">
      <Filter>HTTPServer\Source Files</Filter>
    </ClCompile>
    <ClCompile Include="src\HTTPRequestHandlerFactory.cpp">
      <Filter>HTTPServer\Source Files</Filter>
    </ClCompile>
    <ClCompile Include="src\HTTPServer.cpp">
      <Filter>HTTPServer\Source Files</Filter>
    </ClCompile>
    <ClCompile Include="src\HTTPServerConnection.cpp">
      <Filter>HTTPServer\Source Files</Filter>
    </ClCompile>
    <ClCompile Include="src\HTTPServerConnectionFactory.cpp">
      <Filter>HTTPServer\Source Files</Filter>
    </ClCompile>
    <ClCompile Include="src\HTTPServerParams.cpp">
      <Filter>HTTPServer\Source Files</Filter>
    </ClCompile>
    <ClCompile Include="src\HTTPServerRequest.cpp">
      <Filter>HTTPServer\Source Files</Filter>
    </ClCompile>
    <ClCompile Include="src\HTTPServerRequestImpl.cpp">
      <Filter>HTTPServer\Source Files</Filter>
    </ClCompile>
    <ClCompile Include="src\HTTPServerResponse.cpp">
      <Filter>HTTPServer\Source Files</Filter>
    </ClCompile>
    <ClCompile Include="src\HTTPServerResponseImpl.cpp">
      <Filter>HTTPServer\Source Files</Filter>
    </ClCompile>
    <ClCompile Include="src\HTTPServerSession.cpp">
      <Filter>HTTPServer\Source Files</Filter>
    </ClCompile>
    <ClCompile Include="src\HTTPClientSession.cpp">
      <Filter>HTTPClient\Source Files</Filter>
    </ClCompile>
    <ClCompile Include="src\HTTPIOStream.cpp">
      <Filter>HTTPClient\Source Files</Filter>
    </ClCompile>
    <ClCompile Include="src\HTTPSessionFactory.cpp">
      <Filter>HTTPClient\Source Files</Filter>
    </ClCompile>
    <ClCompile Include="src\HTTPSessionInstantiator.cpp">
      <Filter>HTTPClient\Source Files</Filter>
    </ClCompile>
    <ClCompile Include="src\HTTPStreamFactory.cpp">
      <Filter>HTTPClient\Source Files</Filter>
    </ClCompile>
    <ClCompile Include="src\HTMLForm.cpp">
      <Filter>HTML\Source Files</Filter>
    </ClCompile>
    <ClCompile Include="src\FTPClientSession.cpp">
      <Filter>FTPClient\Source Files</Filter>
    </ClCompile>
    <ClCompile Include="src\FTPStreamFactory.cpp">
      <Filter>FTPClient\Source Files</Filter>
    </ClCompile>
    <ClCompile Include="src\SocketNotification.cpp">
      <Filter>Reactor\Source Files</Filter>
    </ClCompile>
    <ClCompile Include="src\SocketNotifier.cpp">
      <Filter>Reactor\Source Files</Filter>
    </ClCompile>
    <ClCompile Include="src\SocketReactor.cpp">
      <Filter>Reactor\Source Files</Filter>
    </ClCompile>
    <ClCompile Include="src\MailMessage.cpp">
      <Filter>Mail\Source Files</Filter>
    </ClCompile>
    <ClCompile Include="src\MailRecipient.cpp">
      <Filter>Mail\Source Files</Filter>
    </ClCompile>
    <ClCompile Include="src\MailStream.cpp">
      <Filter>Mail\Source Files</Filter>
    </ClCompile>
    <ClCompile Include="src\POP3ClientSession.cpp">
      <Filter>Mail\Source Files</Filter>
    </ClCompile>
    <ClCompile Include="src\SMTPClientSession.cpp">
      <Filter>Mail\Source Files</Filter>
    </ClCompile>
    <ClCompile Include="src\ICMPClient.cpp">
      <Filter>ICMP\Source Files</Filter>
    </ClCompile>
    <ClCompile Include="src\ICMPEventArgs.cpp">
      <Filter>ICMP\Source Files</Filter>
    </ClCompile>
    <ClCompile Include="src\ICMPPacket.cpp">
      <Filter>ICMP\Source Files</Filter>
    </ClCompile>
    <ClCompile Include="src\ICMPPacketImpl.cpp">
      <Filter>ICMP\Source Files</Filter>
    </ClCompile>
    <ClCompile Include="src\ICMPSocket.cpp">
      <Filter>ICMP\Source Files</Filter>
    </ClCompile>
    <ClCompile Include="src\ICMPSocketImpl.cpp">
      <Filter>ICMP\Source Files</Filter>
    </ClCompile>
    <ClCompile Include="src\ICMPv4PacketImpl.cpp">
      <Filter>ICMP\Source Files</Filter>
    </ClCompile>
    <ClCompile Include="src\NTPClient.cpp">
      <Filter>NTP\Source Files</Filter>
    </ClCompile>
    <ClCompile Include="src\NTPEventArgs.cpp">
      <Filter>NTP\Source Files</Filter>
    </ClCompile>
    <ClCompile Include="src\NTPPacket.cpp">
      <Filter>NTP\Source Files</Filter>
    </ClCompile>
    <ClCompile Include="src\RemoteSyslogChannel.cpp">
      <Filter>Logging\Source Files</Filter>
    </ClCompile>
    <ClCompile Include="src\RemoteSyslogListener.cpp">
      <Filter>Logging\Source Files</Filter>
    </ClCompile>
    <ClCompile Include="src\SMTPChannel.cpp">
      <Filter>Logging\Source Files</Filter>
    </ClCompile>
    <ClCompile Include="src\WebSocket.cpp">
      <Filter>WebSocket\Source Files</Filter>
    </ClCompile>
    <ClCompile Include="src\WebSocketImpl.cpp">
      <Filter>WebSocket\Source Files</Filter>
    </ClCompile>
    <ClCompile Include="src\OAuth10Credentials.cpp">
      <Filter>OAuth\Source Files</Filter>
    </ClCompile>
    <ClCompile Include="src\OAuth20Credentials.cpp">
      <Filter>OAuth\Source Files</Filter>
    </ClCompile>
  </ItemGroup>
  <ItemGroup>
    <ResourceCompile Include="..\DLLVersion.rc" />
  </ItemGroup>
</Project>